{
  "version": 4,
  "terraform_version": "1.5.0",
  "serial": 172,
  "lineage": "25dfdba1-3a6b-799c-339d-093ae0f542f3",
  "outputs": {
    "application_url": {
      "value": "alb-develop-cli-205323242.us-east-1.elb.amazonaws.com",
      "type": "string"
    }
  },
  "resources": [
    {
      "mode": "data",
      "type": "aws_caller_identity",
      "name": "id_current_account",
      "provider": "provider[\"registry.terraform.io/hashicorp/aws\"]",
      "instances": [
        {
          "schema_version": 0,
          "attributes": {
            "account_id": "459137896070",
            "arn": "arn:aws:iam::459137896070:user/rossana-roxsross",
            "id": "459137896070",
            "user_id": "AIDAWVZWAJ2DFP4LY5GZI"
          },
          "sensitive_attributes": []
        }
      ]
    },
    {
      "mode": "managed",
      "type": "random_id",
      "name": "RANDOM_ID",
      "provider": "provider[\"registry.terraform.io/hashicorp/random\"]",
      "instances": [
        {
          "schema_version": 0,
          "attributes": {
            "b64_std": "8oc=",
            "b64_url": "8oc",
            "byte_length": 2,
            "dec": "62087",
            "hex": "f287",
            "id": "8oc",
            "keepers": null,
            "prefix": null
          },
          "sensitive_attributes": []
        }
      ]
    },
    {
      "module": "module.alb_client",
      "mode": "managed",
      "type": "aws_alb",
      "name": "alb",
      "provider": "provider[\"registry.terraform.io/hashicorp/aws\"]",
      "instances": [
        {
          "index_key": 0,
          "schema_version": 0,
          "attributes": {
            "access_logs": [
              {
                "bucket": "",
                "enabled": false,
                "prefix": ""
              }
            ],
            "arn": "arn:aws:elasticloadbalancing:us-east-1:459137896070:loadbalancer/app/alb-develop-cli/dbdfe1fa38dab146",
            "arn_suffix": "app/alb-develop-cli/dbdfe1fa38dab146",
            "customer_owned_ipv4_pool": "",
            "desync_mitigation_mode": "defensive",
            "dns_name": "alb-develop-cli-205323242.us-east-1.elb.amazonaws.com",
            "drop_invalid_header_fields": false,
            "enable_cross_zone_load_balancing": true,
            "enable_deletion_protection": false,
            "enable_http2": true,
            "enable_tls_version_and_cipher_suite_headers": false,
            "enable_waf_fail_open": false,
            "enable_xff_client_port": false,
            "id": "arn:aws:elasticloadbalancing:us-east-1:459137896070:loadbalancer/app/alb-develop-cli/dbdfe1fa38dab146",
            "idle_timeout": 30,
            "internal": false,
            "ip_address_type": "ipv4",
            "load_balancer_type": "application",
            "name": "alb-develop-cli",
            "name_prefix": null,
            "preserve_host_header": false,
            "security_groups": [
              "sg-06aff4a548b8a3638"
            ],
            "subnet_mapping": [
              {
                "allocation_id": "",
                "ipv6_address": "",
                "outpost_id": "",
                "private_ipv4_address": "",
                "subnet_id": "subnet-098f4486a3cb94335"
              },
              {
                "allocation_id": "",
                "ipv6_address": "",
                "outpost_id": "",
                "private_ipv4_address": "",
                "subnet_id": "subnet-0c5803fdfd09c560d"
              }
            ],
            "subnets": [
              "subnet-098f4486a3cb94335",
              "subnet-0c5803fdfd09c560d"
            ],
            "tags": {},
            "tags_all": {},
            "timeouts": null,
            "vpc_id": "vpc-0b8f8273bf4a4b0a8",
            "xff_header_processing_mode": "append",
            "zone_id": "Z35SXDOTRQ7X7K"
          },
          "sensitive_attributes": [],
          "private": "eyJlMmJmYjczMC1lY2FhLTExZTYtOGY4OC0zNDM2M2JjN2M0YzAiOnsiY3JlYXRlIjo2MDAwMDAwMDAwMDAsImRlbGV0ZSI6NjAwMDAwMDAwMDAwLCJ1cGRhdGUiOjYwMDAwMDAwMDAwMH19",
          "dependencies": [
            "module.networking.aws_subnet.public_subnets",
            "module.networking.aws_vpc.aws_vpc",
            "module.networking.data.aws_availability_zones.az_availables",
            "module.security_group_alb_client.aws_security_group.sg"
          ],
          "create_before_destroy": true
        }
      ]
    },
    {
      "module": "module.alb_client",
      "mode": "managed",
      "type": "aws_alb_listener",
      "name": "http_listener",
      "provider": "provider[\"registry.terraform.io/hashicorp/aws\"]",
      "instances": [
        {
          "index_key": 0,
          "schema_version": 0,
          "attributes": {
            "alpn_policy": null,
            "arn": "arn:aws:elasticloadbalancing:us-east-1:459137896070:listener/app/alb-develop-cli/dbdfe1fa38dab146/2c3c3fdc0a8956bb",
            "certificate_arn": null,
            "default_action": [
              {
                "authenticate_cognito": [],
                "authenticate_oidc": [],
                "fixed_response": [],
                "forward": [],
                "order": 1,
                "redirect": [],
                "target_group_arn": "arn:aws:elasticloadbalancing:us-east-1:459137896070:targetgroup/tg-develop-c-b/2c3ab4f4769647ee",
                "type": "forward"
              }
            ],
            "id": "arn:aws:elasticloadbalancing:us-east-1:459137896070:listener/app/alb-develop-cli/dbdfe1fa38dab146/2c3c3fdc0a8956bb",
            "load_balancer_arn": "arn:aws:elasticloadbalancing:us-east-1:459137896070:loadbalancer/app/alb-develop-cli/dbdfe1fa38dab146",
            "port": 80,
            "protocol": "HTTP",
            "ssl_policy": "",
            "tags": {},
            "tags_all": {},
            "timeouts": null
          },
          "sensitive_attributes": [],
          "private": "eyJlMmJmYjczMC1lY2FhLTExZTYtOGY4OC0zNDM2M2JjN2M0YzAiOnsicmVhZCI6NjAwMDAwMDAwMDAwfX0=",
          "dependencies": [
            "module.alb_client.aws_alb.alb",
            "module.networking.aws_subnet.public_subnets",
            "module.networking.aws_vpc.aws_vpc",
            "module.networking.data.aws_availability_zones.az_availables",
            "module.security_group_alb_client.aws_security_group.sg",
            "module.target_group_client_blue.aws_alb_target_group.target_group"
          ],
          "create_before_destroy": true
        }
      ]
    },
    {
      "module": "module.codebuild_client",
      "mode": "managed",
      "type": "aws_codebuild_project",
      "name": "aws_codebuild",
      "provider": "provider[\"registry.terraform.io/hashicorp/aws\"]",
      "instances": [
        {
          "schema_version": 0,
          "attributes": {
            "arn": "arn:aws:codebuild:us-east-1:459137896070:project/codebuild-develop-client",
            "artifacts": [
              {
                "artifact_identifier": "",
                "bucket_owner_access": "",
                "encryption_disabled": false,
                "location": "",
                "name": "codebuild-develop-client",
                "namespace_type": "",
                "override_artifact_name": false,
                "packaging": "NONE",
                "path": "",
                "type": "CODEPIPELINE"
              }
            ],
            "badge_enabled": false,
            "badge_url": "",
            "build_batch_config": [],
            "build_timeout": 10,
            "cache": [
              {
                "location": "",
                "modes": [],
                "type": "NO_CACHE"
              }
            ],
            "concurrent_build_limit": 0,
            "description": "Terraform codebuild project",
            "encryption_key": "arn:aws:kms:us-east-1:459137896070:alias/aws/s3",
            "environment": [
              {
                "certificate": "",
                "compute_type": "BUILD_GENERAL1_SMALL",
                "environment_variable": [
                  {
                    "name": "AWS_REGION",
                    "type": "PLAINTEXT",
                    "value": "us-east-1"
                  },
                  {
                    "name": "AWS_ACCOUNT_ID",
                    "type": "PLAINTEXT",
                    "value": "459137896070"
                  },
                  {
                    "name": "REPO_URL",
                    "type": "PLAINTEXT",
                    "value": "459137896070.dkr.ecr.us-east-1.amazonaws.com/repo-client"
                  },
                  {
                    "name": "IMAGE_TAG",
                    "type": "PLAINTEXT",
                    "value": "latest"
                  },
                  {
                    "name": "TASK_DEFINITION_FAMILY",
                    "type": "PLAINTEXT",
                    "value": "task-definition-develop-client"
                  },
                  {
                    "name": "CONTAINER_NAME",
                    "type": "PLAINTEXT",
                    "value": "Container-client"
                  },
                  {
                    "name": "SERVICE_PORT",
                    "type": "PLAINTEXT",
                    "value": "80"
                  },
                  {
                    "name": "FOLDER_PATH",
                    "type": "PLAINTEXT",
                    "value": "./Code/client/."
                  },
                  {
                    "name": "ECS_ROLE",
                    "type": "PLAINTEXT",
                    "value": "ECS-task-excecution-Role"
                  },
                  {
                    "name": "SERVER_ALB_URL",
                    "type": "PLAINTEXT",
                    "value": "alb-develop-cli-205323242.us-east-1.elb.amazonaws.com"
                  },
                  {
                    "name": "ECS_TASK_ROLE",
                    "type": "PLAINTEXT",
                    "value": "null"
                  }
                ],
                "image": "aws/codebuild/standard:4.0",
                "image_pull_credentials_type": "CODEBUILD",
                "privileged_mode": true,
                "registry_credential": [],
                "type": "LINUX_CONTAINER"
              }
            ],
            "file_system_locations": [],
            "id": "arn:aws:codebuild:us-east-1:459137896070:project/codebuild-develop-client",
            "logs_config": [
              {
                "cloudwatch_logs": [
                  {
                    "group_name": "log-group",
                    "status": "ENABLED",
                    "stream_name": "log-stream"
                  }
                ],
                "s3_logs": [
                  {
                    "bucket_owner_access": "",
                    "encryption_disabled": false,
                    "location": "",
                    "status": "DISABLED"
                  }
                ]
              }
            ],
            "name": "codebuild-develop-client",
            "project_visibility": "PRIVATE",
            "public_project_alias": "",
            "queued_timeout": 480,
            "resource_access_role": "",
            "secondary_artifacts": [],
            "secondary_source_version": [],
            "secondary_sources": [],
            "service_role": "arn:aws:iam::459137896070:role/DevOps-Role",
            "source": [
              {
                "build_status_config": [],
                "buildspec": "./Infra/Templates/buildspec.yml",
                "git_clone_depth": 0,
                "git_submodules_config": [],
                "insecure_ssl": false,
                "location": "",
                "report_build_status": false,
                "type": "CODEPIPELINE"
              }
            ],
            "source_version": "",
            "tags": {},
            "tags_all": {},
            "vpc_config": []
          },
          "sensitive_attributes": [],
          "private": "bnVsbA==",
          "dependencies": [
            "data.aws_caller_identity.id_current_account",
            "module.alb_client.aws_alb.alb",
            "module.devops_role.aws_iam_role.devops_role",
            "module.devops_role.aws_iam_role.ecs_task_excecution_role",
            "module.ecr_client.aws_ecr_repository.ecr_repository",
            "module.ecs_taks_definition_client.aws_ecs_task_definition.ecs_task_definition"
          ]
        }
      ]
    },
    {
      "module": "module.codedeploy_client",
      "mode": "managed",
      "type": "aws_codedeploy_app",
      "name": "main",
      "provider": "provider[\"registry.terraform.io/hashicorp/aws\"]",
      "instances": [
        {
          "schema_version": 0,
          "attributes": {
            "application_id": "f53841a2-ab4d-4e3c-beab-d600ce846a20",
            "arn": "arn:aws:codedeploy:us-east-1:459137896070:application:Deploy-develop-client",
            "compute_platform": "ECS",
            "github_account_name": "",
            "id": "f53841a2-ab4d-4e3c-beab-d600ce846a20:Deploy-develop-client",
            "linked_to_github": false,
            "name": "Deploy-develop-client",
            "tags": {},
            "tags_all": {}
          },
          "sensitive_attributes": [],
          "private": "bnVsbA==",
          "create_before_destroy": true
        }
      ]
    },
    {
      "module": "module.codedeploy_client",
      "mode": "managed",
      "type": "aws_codedeploy_deployment_group",
      "name": "main",
      "provider": "provider[\"registry.terraform.io/hashicorp/aws\"]",
      "instances": [
        {
          "schema_version": 0,
          "attributes": {
            "alarm_configuration": [],
            "app_name": "Deploy-develop-client",
            "arn": "arn:aws:codedeploy:us-east-1:459137896070:deploymentgroup:Deploy-develop-client/deployment-group-Deploy-develop-client",
            "auto_rollback_configuration": [
              {
                "enabled": true,
                "events": [
                  "DEPLOYMENT_FAILURE"
                ]
              }
            ],
            "autoscaling_groups": [],
            "blue_green_deployment_config": [
              {
                "deployment_ready_option": [
                  {
                    "action_on_timeout": "CONTINUE_DEPLOYMENT",
                    "wait_time_in_minutes": 0
                  }
                ],
                "green_fleet_provisioning_option": [],
                "terminate_blue_instances_on_deployment_success": [
                  {
                    "action": "TERMINATE",
                    "termination_wait_time_in_minutes": 5
                  }
                ]
              }
            ],
            "compute_platform": "ECS",
            "deployment_config_name": "CodeDeployDefault.ECSAllAtOnce",
            "deployment_group_id": "254b4896-a1a0-4d01-b9c5-9859e5b9554d",
            "deployment_group_name": "deployment-group-Deploy-develop-client",
            "deployment_style": [
              {
                "deployment_option": "WITH_TRAFFIC_CONTROL",
                "deployment_type": "BLUE_GREEN"
              }
            ],
            "ec2_tag_filter": [],
            "ec2_tag_set": [],
            "ecs_service": [
              {
                "cluster_name": "Cluster-develop",
                "service_name": "Service-develop-client"
              }
            ],
            "id": "254b4896-a1a0-4d01-b9c5-9859e5b9554d",
            "load_balancer_info": [
              {
                "elb_info": [],
                "target_group_info": [],
                "target_group_pair_info": [
                  {
                    "prod_traffic_route": [
                      {
                        "listener_arns": [
                          "arn:aws:elasticloadbalancing:us-east-1:459137896070:listener/app/alb-develop-cli/dbdfe1fa38dab146/2c3c3fdc0a8956bb"
                        ]
                      }
                    ],
                    "target_group": [
                      {
                        "name": "tg-develop-c-b"
                      },
                      {
                        "name": "tg-develop-c-g"
                      }
                    ],
                    "test_traffic_route": []
                  }
                ]
              }
            ],
            "on_premises_instance_tag_filter": [],
            "service_role_arn": "arn:aws:iam::459137896070:role/CodeDeploy-Role",
            "tags": {},
            "tags_all": {},
            "trigger_configuration": [
              {
                "trigger_events": [
                  "DeploymentFailure",
                  "DeploymentSuccess"
                ],
                "trigger_name": "CodeDeploy_notification",
                "trigger_target_arn": "arn:aws:sns:us-east-1:459137896070:sns-develop"
              }
            ]
          },
          "sensitive_attributes": [],
          "private": "bnVsbA==",
          "dependencies": [
            "module.alb_client.aws_alb.alb",
            "module.alb_client.aws_alb_listener.http_listener",
            "module.alb_client.aws_alb_listener.https_listener",
            "module.alb_client.aws_alb_target_group.target_group",
            "module.codedeploy_client.aws_codedeploy_app.main",
            "module.codedeploy_role.aws_iam_role.codedeploy_role",
            "module.ecr_client.aws_ecr_repository.ecr_repository",
            "module.ecs_cluster.aws_ecs_cluster.ecs_cluster",
            "module.ecs_role.aws_iam_role.devops_role",
            "module.ecs_role.aws_iam_role.ecs_task_excecution_role",
            "module.ecs_role.aws_iam_role.ecs_task_role",
            "module.ecs_service_client.aws_ecs_service.ecs_service",
            "module.ecs_taks_definition_client.aws_ecs_task_definition.ecs_task_definition",
            "module.networking.aws_subnet.private_subnets_client",
            "module.networking.aws_subnet.public_subnets",
            "module.networking.aws_vpc.aws_vpc",
            "module.networking.data.aws_availability_zones.az_availables",
            "module.security_group_alb_client.aws_security_group.sg",
            "module.security_group_ecs_task_client.aws_security_group.sg",
            "module.sns.aws_sns_topic.sns_notifications",
            "module.target_group_client_blue.aws_alb_target_group.target_group",
            "module.target_group_client_green.aws_alb_target_group.target_group"
          ],
          "create_before_destroy": true
        }
      ]
    },
    {
      "module": "module.codedeploy_role",
      "mode": "data",
      "type": "aws_iam_policy_document",
      "name": "role_policy_devops_role",
      "provider": "provider[\"registry.terraform.io/hashicorp/aws\"]",
      "instances": [
        {
          "schema_version": 0,
          "attributes": {
            "id": "2438220261",
            "json": "{\n  \"Version\": \"2012-10-17\",\n  \"Statement\": [\n    {\n      \"Sid\": \"AllowS3Actions\",\n      \"Effect\": \"Allow\",\n      \"Action\": [\n        \"s3:PutObject\",\n        \"s3:List*\",\n        \"s3:GetObjectVersion\",\n        \"s3:GetObject\",\n        \"s3:GetBucketAcl\"\n      ],\n      \"Resource\": \"*\"\n    },\n    {\n      \"Sid\": \"AllowCodebuildActions\",\n      \"Effect\": \"Allow\",\n      \"Action\": [\n        \"codebuild:StopBuild\",\n        \"codebuild:StartBuildBatch\",\n        \"codebuild:StartBuild\",\n        \"codebuild:BatchGetBuilds\",\n        \"codebuild:BatchGetBuildBatches\"\n      ],\n      \"Resource\": \"*\"\n    },\n    {\n      \"Sid\": \"AllowCodebuildList\",\n      \"Effect\": \"Allow\",\n      \"Action\": \"codebuild:ListBuilds\",\n      \"Resource\": \"*\"\n    },\n    {\n      \"Sid\": \"AllowCodeDeployActions\",\n      \"Effect\": \"Allow\",\n      \"Action\": [\n        \"codedeploy:RegisterApplicationRevision\",\n        \"codedeploy:GetDeploymentGroup\",\n        \"codedeploy:GetDeployment\",\n        \"codedeploy:GetApplicationRevision\",\n        \"codedeploy:GetApplication\",\n        \"codedeploy:CreateDeployment\"\n      ],\n      \"Resource\": \"*\"\n    },\n    {\n      \"Sid\": \"AllowCodeDeployConfigs\",\n      \"Effect\": \"Allow\",\n      \"Action\": [\n        \"codedeploy:StopDeployment\",\n        \"codedeploy:ListDeployments\",\n        \"codedeploy:ListDeploymentGroups\",\n        \"codedeploy:ListDeploymentConfigs\",\n        \"codedeploy:ListApplications\",\n        \"codedeploy:GetDeploymentTarget\",\n        \"codedeploy:GetDeploymentConfig\",\n        \"codedeploy:CreateDeploymentGroup\",\n        \"codedeploy:CreateDeploymentConfig\"\n      ],\n      \"Resource\": \"*\"\n    },\n    {\n      \"Sid\": \"AllowECRActions\",\n      \"Effect\": \"Allow\",\n      \"Action\": [\n        \"ecr:UploadLayerPart\",\n        \"ecr:PutImage\",\n        \"ecr:InitiateLayerUpload\",\n        \"ecr:GetDownloadUrlForLayer\",\n        \"ecr:CompleteLayerUpload\",\n        \"ecr:BatchGetImage\",\n        \"ecr:BatchCheckLayerAvailability\"\n      ],\n      \"Resource\": \"*\"\n    },\n    {\n      \"Sid\": \"AllowECRAuthorization\",\n      \"Effect\": \"Allow\",\n      \"Action\": \"ecr:GetAuthorizationToken\",\n      \"Resource\": \"*\"\n    },\n    {\n      \"Sid\": \"AllowCECSServiceActions\",\n      \"Effect\": \"Allow\",\n      \"Action\": [\n        \"ecs:UpdateTaskSet\",\n        \"ecs:UpdateServicePrimaryTaskSet\",\n        \"ecs:UpdateService\",\n        \"ecs:UpdateCluster\",\n        \"ecs:UpdateCapacityProvider\",\n        \"ecs:StopTask\",\n        \"ecs:StartTask\",\n        \"ecs:RunTask\",\n        \"ecs:RegisterTaskDefinition\",\n        \"ecs:PutClusterCapacityProviders\",\n        \"ecs:ListTasks\",\n        \"ecs:ListServices\",\n        \"ecs:DescribeTasks\",\n        \"ecs:DescribeTaskSets\",\n        \"ecs:DescribeTaskDefinition\",\n        \"ecs:DescribeServices\",\n        \"ecs:DeregisterContainerInstance\",\n        \"ecs:DeleteTaskSet\",\n        \"ecs:CreateTaskSet\"\n      ],\n      \"Resource\": \"*\"\n    },\n    {\n      \"Sid\": \"AllowIAMPassRole\",\n      \"Effect\": \"Allow\",\n      \"Action\": \"iam:PassRole\",\n      \"Resource\": \"*\"\n    },\n    {\n      \"Sid\": \"AllowCloudWatchActions\",\n      \"Effect\": \"Allow\",\n      \"Action\": [\n        \"logs:PutLogEvents\",\n        \"logs:CreateLogStream\",\n        \"logs:CreateLogGroup\"\n      ],\n      \"Resource\": \"*\"\n    }\n  ]\n}",
            "override_policy_documents": null,
            "policy_id": null,
            "source_policy_documents": null,
            "statement": [
              {
                "actions": [
                  "s3:GetBucketAcl",
                  "s3:GetObject",
                  "s3:GetObjectVersion",
                  "s3:List*",
                  "s3:PutObject"
                ],
                "condition": [],
                "effect": "Allow",
                "not_actions": [],
                "not_principals": [],
                "not_resources": [],
                "principals": [],
                "resources": [
                  "*"
                ],
                "sid": "AllowS3Actions"
              },
              {
                "actions": [
                  "codebuild:BatchGetBuildBatches",
                  "codebuild:BatchGetBuilds",
                  "codebuild:StartBuild",
                  "codebuild:StartBuildBatch",
                  "codebuild:StopBuild"
                ],
                "condition": [],
                "effect": "Allow",
                "not_actions": [],
                "not_principals": [],
                "not_resources": [],
                "principals": [],
                "resources": [
                  "*"
                ],
                "sid": "AllowCodebuildActions"
              },
              {
                "actions": [
                  "codebuild:ListBuilds"
                ],
                "condition": [],
                "effect": "Allow",
                "not_actions": [],
                "not_principals": [],
                "not_resources": [],
                "principals": [],
                "resources": [
                  "*"
                ],
                "sid": "AllowCodebuildList"
              },
              {
                "actions": [
                  "codedeploy:CreateDeployment",
                  "codedeploy:GetApplication",
                  "codedeploy:GetApplicationRevision",
                  "codedeploy:GetDeployment",
                  "codedeploy:GetDeploymentGroup",
                  "codedeploy:RegisterApplicationRevision"
                ],
                "condition": [],
                "effect": "Allow",
                "not_actions": [],
                "not_principals": [],
                "not_resources": [],
                "principals": [],
                "resources": [
                  "*"
                ],
                "sid": "AllowCodeDeployActions"
              },
              {
                "actions": [
                  "codedeploy:CreateDeploymentConfig",
                  "codedeploy:CreateDeploymentGroup",
                  "codedeploy:GetDeploymentConfig",
                  "codedeploy:GetDeploymentTarget",
                  "codedeploy:ListApplications",
                  "codedeploy:ListDeploymentConfigs",
                  "codedeploy:ListDeploymentGroups",
                  "codedeploy:ListDeployments",
                  "codedeploy:StopDeployment"
                ],
                "condition": [],
                "effect": "Allow",
                "not_actions": [],
                "not_principals": [],
                "not_resources": [],
                "principals": [],
                "resources": [
                  "*"
                ],
                "sid": "AllowCodeDeployConfigs"
              },
              {
                "actions": [
                  "ecr:BatchCheckLayerAvailability",
                  "ecr:BatchGetImage",
                  "ecr:CompleteLayerUpload",
                  "ecr:GetDownloadUrlForLayer",
                  "ecr:InitiateLayerUpload",
                  "ecr:PutImage",
                  "ecr:UploadLayerPart"
                ],
                "condition": [],
                "effect": "Allow",
                "not_actions": [],
                "not_principals": [],
                "not_resources": [],
                "principals": [],
                "resources": [
                  "*"
                ],
                "sid": "AllowECRActions"
              },
              {
                "actions": [
                  "ecr:GetAuthorizationToken"
                ],
                "condition": [],
                "effect": "Allow",
                "not_actions": [],
                "not_principals": [],
                "not_resources": [],
                "principals": [],
                "resources": [
                  "*"
                ],
                "sid": "AllowECRAuthorization"
              },
              {
                "actions": [
                  "ecs:CreateTaskSet",
                  "ecs:DeleteTaskSet",
                  "ecs:DeregisterContainerInstance",
                  "ecs:DescribeServices",
                  "ecs:DescribeTaskDefinition",
                  "ecs:DescribeTaskSets",
                  "ecs:DescribeTasks",
                  "ecs:ListServices",
                  "ecs:ListTasks",
                  "ecs:PutClusterCapacityProviders",
                  "ecs:RegisterTaskDefinition",
                  "ecs:RunTask",
                  "ecs:StartTask",
                  "ecs:StopTask",
                  "ecs:UpdateCapacityProvider",
                  "ecs:UpdateCluster",
                  "ecs:UpdateService",
                  "ecs:UpdateServicePrimaryTaskSet",
                  "ecs:UpdateTaskSet"
                ],
                "condition": [],
                "effect": "Allow",
                "not_actions": [],
                "not_principals": [],
                "not_resources": [],
                "principals": [],
                "resources": [
                  "*"
                ],
                "sid": "AllowCECSServiceActions"
              },
              {
                "actions": [
                  "iam:PassRole"
                ],
                "condition": [],
                "effect": "Allow",
                "not_actions": [],
                "not_principals": [],
                "not_resources": [],
                "principals": [],
                "resources": [
                  "*"
                ],
                "sid": "AllowIAMPassRole"
              },
              {
                "actions": [
                  "logs:CreateLogGroup",
                  "logs:CreateLogStream",
                  "logs:PutLogEvents"
                ],
                "condition": [],
                "effect": "Allow",
                "not_actions": [],
                "not_principals": [],
                "not_resources": [],
                "principals": [],
                "resources": [
                  "*"
                ],
                "sid": "AllowCloudWatchActions"
              }
            ],
            "version": "2012-10-17"
          },
          "sensitive_attributes": []
        }
      ]
    },
    {
      "module": "module.codedeploy_role",
      "mode": "data",
      "type": "aws_iam_policy_document",
      "name": "role_policy_ecs_task_role",
      "provider": "provider[\"registry.terraform.io/hashicorp/aws\"]",
      "instances": [
        {
          "schema_version": 0,
          "attributes": {
            "id": "3542866187",
            "json": "{\n  \"Version\": \"2012-10-17\",\n  \"Statement\": [\n    {\n      \"Sid\": \"AllowS3Actions\",\n      \"Effect\": \"Allow\",\n      \"Action\": [\n        \"s3:ListBucket\",\n        \"s3:GetObject\"\n      ],\n      \"Resource\": \"*\"\n    },\n    {\n      \"Sid\": \"AllowIAMPassRole\",\n      \"Effect\": \"Allow\",\n      \"Action\": \"iam:PassRole\",\n      \"Resource\": \"*\"\n    },\n    {\n      \"Sid\": \"AllowDynamodbActions\",\n      \"Effect\": \"Allow\",\n      \"Action\": [\n        \"dynamodb:Scan\",\n        \"dynamodb:Query\",\n        \"dynamodb:List*\",\n        \"dynamodb:GetItem\",\n        \"dynamodb:Describe*\",\n        \"dynamodb:BatchGetItem\"\n      ],\n      \"Resource\": \"*\"\n    }\n  ]\n}",
            "override_policy_documents": null,
            "policy_id": null,
            "source_policy_documents": null,
            "statement": [
              {
                "actions": [
                  "s3:GetObject",
                  "s3:ListBucket"
                ],
                "condition": [],
                "effect": "Allow",
                "not_actions": [],
                "not_principals": [],
                "not_resources": [],
                "principals": [],
                "resources": [
                  "*"
                ],
                "sid": "AllowS3Actions"
              },
              {
                "actions": [
                  "iam:PassRole"
                ],
                "condition": [],
                "effect": "Allow",
                "not_actions": [],
                "not_principals": [],
                "not_resources": [],
                "principals": [],
                "resources": [
                  "*"
                ],
                "sid": "AllowIAMPassRole"
              },
              {
                "actions": [
                  "dynamodb:BatchGetItem",
                  "dynamodb:Describe*",
                  "dynamodb:GetItem",
                  "dynamodb:List*",
                  "dynamodb:Query",
                  "dynamodb:Scan"
                ],
                "condition": [],
                "effect": "Allow",
                "not_actions": [],
                "not_principals": [],
                "not_resources": [],
                "principals": [],
                "resources": [
                  "*"
                ],
                "sid": "AllowDynamodbActions"
              }
            ],
            "version": "2012-10-17"
          },
          "sensitive_attributes": []
        }
      ]
    },
    {
      "module": "module.codedeploy_role",
      "mode": "managed",
      "type": "aws_iam_role",
      "name": "codedeploy_role",
      "provider": "provider[\"registry.terraform.io/hashicorp/aws\"]",
      "instances": [
        {
          "index_key": 0,
          "schema_version": 0,
          "attributes": {
            "arn": "arn:aws:iam::459137896070:role/CodeDeploy-Role",
            "assume_role_policy": "{\"Statement\":[{\"Action\":\"sts:AssumeRole\",\"Effect\":\"Allow\",\"Principal\":{\"Service\":\"codedeploy.amazonaws.com\"},\"Sid\":\"\"}],\"Version\":\"2012-10-17\"}",
            "create_date": "2023-09-06T23:42:52Z",
            "description": "",
            "force_detach_policies": false,
            "id": "CodeDeploy-Role",
            "inline_policy": [],
            "managed_policy_arns": [
              "arn:aws:iam::aws:policy/AWSCodeDeployRoleForECS"
            ],
            "max_session_duration": 3600,
            "name": "CodeDeploy-Role",
            "name_prefix": "",
            "path": "/",
            "permissions_boundary": null,
            "tags": {},
            "tags_all": {},
            "unique_id": "AROAWVZWAJ2DPE2EV6C3Z"
          },
          "sensitive_attributes": [],
          "private": "bnVsbA==",
          "create_before_destroy": true
        }
      ]
    },
    {
      "module": "module.codedeploy_role",
      "mode": "managed",
      "type": "aws_iam_role_policy_attachment",
      "name": "codedeploy_attachment",
      "provider": "provider[\"registry.terraform.io/hashicorp/aws\"]",
      "instances": [
        {
          "index_key": 0,
          "schema_version": 0,
          "attributes": {
            "id": "CodeDeploy-Role-20230906234252829000000002",
            "policy_arn": "arn:aws:iam::aws:policy/AWSCodeDeployRoleForECS",
            "role": "CodeDeploy-Role"
          },
          "sensitive_attributes": [],
          "private": "bnVsbA==",
          "dependencies": [
            "module.codedeploy_role.aws_iam_role.codedeploy_role"
          ]
        }
      ]
    },
    {
      "module": "module.codepipeline",
      "mode": "managed",
      "type": "aws_codepipeline",
      "name": "aws_codepipeline",
      "provider": "provider[\"registry.terraform.io/hashicorp/aws\"]",
      "instances": [
        {
          "schema_version": 0,
          "attributes": {
            "arn": "arn:aws:codepipeline:us-east-1:459137896070:pipeline-develop",
            "artifact_store": [
              {
                "encryption_key": [],
                "location": "codepipeline-us-east-1-f287",
                "region": "",
                "type": "S3"
              }
            ],
            "id": "pipeline-develop",
            "name": "pipeline-develop",
            "role_arn": "arn:aws:iam::459137896070:role/DevOps-Role",
            "stage": [
              {
                "action": [
                  {
                    "category": "Source",
                    "configuration": {
                      "Branch": "master",
                      "OAuthToken": "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",
                      "Owner": "roxsross",
                      "PollForSourceChanges": "true",
                      "Repo": "aws-arg-demo-ecs-app"
                    },
                    "input_artifacts": [],
                    "name": "Source",
                    "namespace": "",
                    "output_artifacts": [
                      "SourceArtifact"
                    ],
                    "owner": "ThirdParty",
                    "provider": "GitHub",
                    "region": "",
                    "role_arn": "",
                    "run_order": 1,
                    "version": "1"
                  }
                ],
                "name": "Source"
              },
              {
                "action": [
                  {
                    "category": "Build",
                    "configuration": {
                      "ProjectName": "arn:aws:codebuild:us-east-1:459137896070:project/codebuild-develop-client"
                    },
                    "input_artifacts": [
                      "SourceArtifact"
                    ],
                    "name": "Build_client",
                    "namespace": "",
                    "output_artifacts": [
                      "BuildArtifact_client"
                    ],
                    "owner": "AWS",
                    "provider": "CodeBuild",
                    "region": "",
                    "role_arn": "",
                    "run_order": 1,
                    "version": "1"
                  }
                ],
                "name": "Build"
              },
              {
                "action": [
                  {
                    "category": "Deploy",
                    "configuration": {
                      "AppSpecTemplateArtifact": "BuildArtifact_client",
                      "AppSpecTemplatePath": "appspec.yaml",
                      "ApplicationName": "Deploy-develop-client",
                      "DeploymentGroupName": "deployment-group-Deploy-develop-client",
                      "TaskDefinitionTemplateArtifact": "BuildArtifact_client",
                      "TaskDefinitionTemplatePath": "taskdef.json"
                    },
                    "input_artifacts": [
                      "BuildArtifact_client"
                    ],
                    "name": "Deploy_client",
                    "namespace": "",
                    "output_artifacts": [],
                    "owner": "AWS",
                    "provider": "CodeDeployToECS",
                    "region": "",
                    "role_arn": "",
                    "run_order": 1,
                    "version": "1"
                  }
                ],
                "name": "Deploy"
              }
            ],
            "tags": {},
            "tags_all": {}
          },
          "sensitive_attributes": [
            [
              {
                "type": "get_attr",
                "value": "stage"
              },
              {
                "type": "index",
                "value": {
                  "value": 0,
                  "type": "number"
                }
              },
              {
                "type": "get_attr",
                "value": "action"
              },
              {
                "type": "index",
                "value": {
                  "value": 0,
                  "type": "number"
                }
              },
              {
                "type": "get_attr",
                "value": "configuration"
              },
              {
                "type": "index",
                "value": {
                  "value": "OAuthToken",
                  "type": "string"
                }
              }
            ]
          ],
          "private": "bnVsbA==",
          "dependencies": [
            "data.aws_caller_identity.id_current_account",
            "module.alb_client.aws_alb.alb",
            "module.alb_client.aws_alb_listener.http_listener",
            "module.alb_client.aws_alb_listener.https_listener",
            "module.alb_client.aws_alb_target_group.target_group",
            "module.codebuild_client.aws_codebuild_project.aws_codebuild",
            "module.codedeploy_client.aws_codedeploy_app.main",
            "module.codedeploy_client.aws_codedeploy_deployment_group.main",
            "module.codedeploy_role.aws_iam_role.codedeploy_role",
            "module.devops_role.aws_iam_role.devops_role",
            "module.devops_role.aws_iam_role.ecs_task_excecution_role",
            "module.ecr_client.aws_ecr_repository.ecr_repository",
            "module.ecs_cluster.aws_ecs_cluster.ecs_cluster",
            "module.ecs_role.aws_iam_role.devops_role",
            "module.ecs_role.aws_iam_role.ecs_task_excecution_role",
            "module.ecs_role.aws_iam_role.ecs_task_role",
            "module.ecs_service_client.aws_ecs_service.ecs_service",
            "module.ecs_taks_definition_client.aws_ecs_task_definition.ecs_task_definition",
            "module.networking.aws_subnet.private_subnets_client",
            "module.networking.aws_subnet.public_subnets",
            "module.networking.aws_vpc.aws_vpc",
            "module.networking.data.aws_availability_zones.az_availables",
            "module.policy_devops_role.aws_iam_policy.policy_for_ecs_task_role",
            "module.policy_devops_role.aws_iam_policy.policy_for_role",
            "module.policy_devops_role.aws_iam_role.codedeploy_role",
            "module.policy_devops_role.aws_iam_role.devops_role",
            "module.policy_devops_role.aws_iam_role.ecs_task_excecution_role",
            "module.policy_devops_role.aws_iam_role.ecs_task_role",
            "module.policy_devops_role.aws_iam_role_policy_attachment.attachment",
            "module.policy_devops_role.aws_iam_role_policy_attachment.attachment2",
            "module.policy_devops_role.aws_iam_role_policy_attachment.codedeploy_attachment",
            "module.policy_devops_role.aws_iam_role_policy_attachment.ecs_attachment",
            "module.policy_devops_role.data.aws_iam_policy_document.role_policy_devops_role",
            "module.policy_devops_role.data.aws_iam_policy_document.role_policy_ecs_task_role",
            "module.s3_codepipeline.aws_s3_bucket.s3_bucket",
            "module.security_group_alb_client.aws_security_group.sg",
            "module.security_group_ecs_task_client.aws_security_group.sg",
            "module.sns.aws_sns_topic.sns_notifications",
            "module.target_group_client_blue.aws_alb_target_group.target_group",
            "module.target_group_client_green.aws_alb_target_group.target_group",
            "random_id.RANDOM_ID"
          ]
        }
      ]
    },
    {
      "module": "module.devops_role",
      "mode": "data",
      "type": "aws_iam_policy_document",
      "name": "role_policy_devops_role",
      "provider": "provider[\"registry.terraform.io/hashicorp/aws\"]",
      "instances": [
        {
          "schema_version": 0,
          "attributes": {
            "id": "2438220261",
            "json": "{\n  \"Version\": \"2012-10-17\",\n  \"Statement\": [\n    {\n      \"Sid\": \"AllowS3Actions\",\n      \"Effect\": \"Allow\",\n      \"Action\": [\n        \"s3:PutObject\",\n        \"s3:List*\",\n        \"s3:GetObjectVersion\",\n        \"s3:GetObject\",\n        \"s3:GetBucketAcl\"\n      ],\n      \"Resource\": \"*\"\n    },\n    {\n      \"Sid\": \"AllowCodebuildActions\",\n      \"Effect\": \"Allow\",\n      \"Action\": [\n        \"codebuild:StopBuild\",\n        \"codebuild:StartBuildBatch\",\n        \"codebuild:StartBuild\",\n        \"codebuild:BatchGetBuilds\",\n        \"codebuild:BatchGetBuildBatches\"\n      ],\n      \"Resource\": \"*\"\n    },\n    {\n      \"Sid\": \"AllowCodebuildList\",\n      \"Effect\": \"Allow\",\n      \"Action\": \"codebuild:ListBuilds\",\n      \"Resource\": \"*\"\n    },\n    {\n      \"Sid\": \"AllowCodeDeployActions\",\n      \"Effect\": \"Allow\",\n      \"Action\": [\n        \"codedeploy:RegisterApplicationRevision\",\n        \"codedeploy:GetDeploymentGroup\",\n        \"codedeploy:GetDeployment\",\n        \"codedeploy:GetApplicationRevision\",\n        \"codedeploy:GetApplication\",\n        \"codedeploy:CreateDeployment\"\n      ],\n      \"Resource\": \"*\"\n    },\n    {\n      \"Sid\": \"AllowCodeDeployConfigs\",\n      \"Effect\": \"Allow\",\n      \"Action\": [\n        \"codedeploy:StopDeployment\",\n        \"codedeploy:ListDeployments\",\n        \"codedeploy:ListDeploymentGroups\",\n        \"codedeploy:ListDeploymentConfigs\",\n        \"codedeploy:ListApplications\",\n        \"codedeploy:GetDeploymentTarget\",\n        \"codedeploy:GetDeploymentConfig\",\n        \"codedeploy:CreateDeploymentGroup\",\n        \"codedeploy:CreateDeploymentConfig\"\n      ],\n      \"Resource\": \"*\"\n    },\n    {\n      \"Sid\": \"AllowECRActions\",\n      \"Effect\": \"Allow\",\n      \"Action\": [\n        \"ecr:UploadLayerPart\",\n        \"ecr:PutImage\",\n        \"ecr:InitiateLayerUpload\",\n        \"ecr:GetDownloadUrlForLayer\",\n        \"ecr:CompleteLayerUpload\",\n        \"ecr:BatchGetImage\",\n        \"ecr:BatchCheckLayerAvailability\"\n      ],\n      \"Resource\": \"*\"\n    },\n    {\n      \"Sid\": \"AllowECRAuthorization\",\n      \"Effect\": \"Allow\",\n      \"Action\": \"ecr:GetAuthorizationToken\",\n      \"Resource\": \"*\"\n    },\n    {\n      \"Sid\": \"AllowCECSServiceActions\",\n      \"Effect\": \"Allow\",\n      \"Action\": [\n        \"ecs:UpdateTaskSet\",\n        \"ecs:UpdateServicePrimaryTaskSet\",\n        \"ecs:UpdateService\",\n        \"ecs:UpdateCluster\",\n        \"ecs:UpdateCapacityProvider\",\n        \"ecs:StopTask\",\n        \"ecs:StartTask\",\n        \"ecs:RunTask\",\n        \"ecs:RegisterTaskDefinition\",\n        \"ecs:PutClusterCapacityProviders\",\n        \"ecs:ListTasks\",\n        \"ecs:ListServices\",\n        \"ecs:DescribeTasks\",\n        \"ecs:DescribeTaskSets\",\n        \"ecs:DescribeTaskDefinition\",\n        \"ecs:DescribeServices\",\n        \"ecs:DeregisterContainerInstance\",\n        \"ecs:DeleteTaskSet\",\n        \"ecs:CreateTaskSet\"\n      ],\n      \"Resource\": \"*\"\n    },\n    {\n      \"Sid\": \"AllowIAMPassRole\",\n      \"Effect\": \"Allow\",\n      \"Action\": \"iam:PassRole\",\n      \"Resource\": \"*\"\n    },\n    {\n      \"Sid\": \"AllowCloudWatchActions\",\n      \"Effect\": \"Allow\",\n      \"Action\": [\n        \"logs:PutLogEvents\",\n        \"logs:CreateLogStream\",\n        \"logs:CreateLogGroup\"\n      ],\n      \"Resource\": \"*\"\n    }\n  ]\n}",
            "override_policy_documents": null,
            "policy_id": null,
            "source_policy_documents": null,
            "statement": [
              {
                "actions": [
                  "s3:GetBucketAcl",
                  "s3:GetObject",
                  "s3:GetObjectVersion",
                  "s3:List*",
                  "s3:PutObject"
                ],
                "condition": [],
                "effect": "Allow",
                "not_actions": [],
                "not_principals": [],
                "not_resources": [],
                "principals": [],
                "resources": [
                  "*"
                ],
                "sid": "AllowS3Actions"
              },
              {
                "actions": [
                  "codebuild:BatchGetBuildBatches",
                  "codebuild:BatchGetBuilds",
                  "codebuild:StartBuild",
                  "codebuild:StartBuildBatch",
                  "codebuild:StopBuild"
                ],
                "condition": [],
                "effect": "Allow",
                "not_actions": [],
                "not_principals": [],
                "not_resources": [],
                "principals": [],
                "resources": [
                  "*"
                ],
                "sid": "AllowCodebuildActions"
              },
              {
                "actions": [
                  "codebuild:ListBuilds"
                ],
                "condition": [],
                "effect": "Allow",
                "not_actions": [],
                "not_principals": [],
                "not_resources": [],
                "principals": [],
                "resources": [
                  "*"
                ],
                "sid": "AllowCodebuildList"
              },
              {
                "actions": [
                  "codedeploy:CreateDeployment",
                  "codedeploy:GetApplication",
                  "codedeploy:GetApplicationRevision",
                  "codedeploy:GetDeployment",
                  "codedeploy:GetDeploymentGroup",
                  "codedeploy:RegisterApplicationRevision"
                ],
                "condition": [],
                "effect": "Allow",
                "not_actions": [],
                "not_principals": [],
                "not_resources": [],
                "principals": [],
                "resources": [
                  "*"
                ],
                "sid": "AllowCodeDeployActions"
              },
              {
                "actions": [
                  "codedeploy:CreateDeploymentConfig",
                  "codedeploy:CreateDeploymentGroup",
                  "codedeploy:GetDeploymentConfig",
                  "codedeploy:GetDeploymentTarget",
                  "codedeploy:ListApplications",
                  "codedeploy:ListDeploymentConfigs",
                  "codedeploy:ListDeploymentGroups",
                  "codedeploy:ListDeployments",
                  "codedeploy:StopDeployment"
                ],
                "condition": [],
                "effect": "Allow",
                "not_actions": [],
                "not_principals": [],
                "not_resources": [],
                "principals": [],
                "resources": [
                  "*"
                ],
                "sid": "AllowCodeDeployConfigs"
              },
              {
                "actions": [
                  "ecr:BatchCheckLayerAvailability",
                  "ecr:BatchGetImage",
                  "ecr:CompleteLayerUpload",
                  "ecr:GetDownloadUrlForLayer",
                  "ecr:InitiateLayerUpload",
                  "ecr:PutImage",
                  "ecr:UploadLayerPart"
                ],
                "condition": [],
                "effect": "Allow",
                "not_actions": [],
                "not_principals": [],
                "not_resources": [],
                "principals": [],
                "resources": [
                  "*"
                ],
                "sid": "AllowECRActions"
              },
              {
                "actions": [
                  "ecr:GetAuthorizationToken"
                ],
                "condition": [],
                "effect": "Allow",
                "not_actions": [],
                "not_principals": [],
                "not_resources": [],
                "principals": [],
                "resources": [
                  "*"
                ],
                "sid": "AllowECRAuthorization"
              },
              {
                "actions": [
                  "ecs:CreateTaskSet",
                  "ecs:DeleteTaskSet",
                  "ecs:DeregisterContainerInstance",
                  "ecs:DescribeServices",
                  "ecs:DescribeTaskDefinition",
                  "ecs:DescribeTaskSets",
                  "ecs:DescribeTasks",
                  "ecs:ListServices",
                  "ecs:ListTasks",
                  "ecs:PutClusterCapacityProviders",
                  "ecs:RegisterTaskDefinition",
                  "ecs:RunTask",
                  "ecs:StartTask",
                  "ecs:StopTask",
                  "ecs:UpdateCapacityProvider",
                  "ecs:UpdateCluster",
                  "ecs:UpdateService",
                  "ecs:UpdateServicePrimaryTaskSet",
                  "ecs:UpdateTaskSet"
                ],
                "condition": [],
                "effect": "Allow",
                "not_actions": [],
                "not_principals": [],
                "not_resources": [],
                "principals": [],
                "resources": [
                  "*"
                ],
                "sid": "AllowCECSServiceActions"
              },
              {
                "actions": [
                  "iam:PassRole"
                ],
                "condition": [],
                "effect": "Allow",
                "not_actions": [],
                "not_principals": [],
                "not_resources": [],
                "principals": [],
                "resources": [
                  "*"
                ],
                "sid": "AllowIAMPassRole"
              },
              {
                "actions": [
                  "logs:CreateLogGroup",
                  "logs:CreateLogStream",
                  "logs:PutLogEvents"
                ],
                "condition": [],
                "effect": "Allow",
                "not_actions": [],
                "not_principals": [],
                "not_resources": [],
                "principals": [],
                "resources": [
                  "*"
                ],
                "sid": "AllowCloudWatchActions"
              }
            ],
            "version": "2012-10-17"
          },
          "sensitive_attributes": []
        }
      ]
    },
    {
      "module": "module.devops_role",
      "mode": "data",
      "type": "aws_iam_policy_document",
      "name": "role_policy_ecs_task_role",
      "provider": "provider[\"registry.terraform.io/hashicorp/aws\"]",
      "instances": [
        {
          "schema_version": 0,
          "attributes": {
            "id": "3542866187",
            "json": "{\n  \"Version\": \"2012-10-17\",\n  \"Statement\": [\n    {\n      \"Sid\": \"AllowS3Actions\",\n      \"Effect\": \"Allow\",\n      \"Action\": [\n        \"s3:ListBucket\",\n        \"s3:GetObject\"\n      ],\n      \"Resource\": \"*\"\n    },\n    {\n      \"Sid\": \"AllowIAMPassRole\",\n      \"Effect\": \"Allow\",\n      \"Action\": \"iam:PassRole\",\n      \"Resource\": \"*\"\n    },\n    {\n      \"Sid\": \"AllowDynamodbActions\",\n      \"Effect\": \"Allow\",\n      \"Action\": [\n        \"dynamodb:Scan\",\n        \"dynamodb:Query\",\n        \"dynamodb:List*\",\n        \"dynamodb:GetItem\",\n        \"dynamodb:Describe*\",\n        \"dynamodb:BatchGetItem\"\n      ],\n      \"Resource\": \"*\"\n    }\n  ]\n}",
            "override_policy_documents": null,
            "policy_id": null,
            "source_policy_documents": null,
            "statement": [
              {
                "actions": [
                  "s3:GetObject",
                  "s3:ListBucket"
                ],
                "condition": [],
                "effect": "Allow",
                "not_actions": [],
                "not_principals": [],
                "not_resources": [],
                "principals": [],
                "resources": [
                  "*"
                ],
                "sid": "AllowS3Actions"
              },
              {
                "actions": [
                  "iam:PassRole"
                ],
                "condition": [],
                "effect": "Allow",
                "not_actions": [],
                "not_principals": [],
                "not_resources": [],
                "principals": [],
                "resources": [
                  "*"
                ],
                "sid": "AllowIAMPassRole"
              },
              {
                "actions": [
                  "dynamodb:BatchGetItem",
                  "dynamodb:Describe*",
                  "dynamodb:GetItem",
                  "dynamodb:List*",
                  "dynamodb:Query",
                  "dynamodb:Scan"
                ],
                "condition": [],
                "effect": "Allow",
                "not_actions": [],
                "not_principals": [],
                "not_resources": [],
                "principals": [],
                "resources": [
                  "*"
                ],
                "sid": "AllowDynamodbActions"
              }
            ],
            "version": "2012-10-17"
          },
          "sensitive_attributes": []
        }
      ]
    },
    {
      "module": "module.devops_role",
      "mode": "managed",
      "type": "aws_iam_role",
      "name": "devops_role",
      "provider": "provider[\"registry.terraform.io/hashicorp/aws\"]",
      "instances": [
        {
          "index_key": 0,
          "schema_version": 0,
          "attributes": {
            "arn": "arn:aws:iam::459137896070:role/DevOps-Role",
            "assume_role_policy": "{\"Statement\":[{\"Action\":\"sts:AssumeRole\",\"Effect\":\"Allow\",\"Principal\":{\"Service\":[\"codebuild.amazonaws.com\",\"codedeploy.amazonaws.com\",\"codepipeline.amazonaws.com\"]}}],\"Version\":\"2012-10-17\"}",
            "create_date": "2023-09-06T23:42:52Z",
            "description": "",
            "force_detach_policies": false,
            "id": "DevOps-Role",
            "inline_policy": [],
            "managed_policy_arns": [
              "arn:aws:iam::459137896070:policy/Policy-devops-develop"
            ],
            "max_session_duration": 3600,
            "name": "DevOps-Role",
            "name_prefix": "",
            "path": "/",
            "permissions_boundary": null,
            "tags": {
              "Name": "DevOps-Role"
            },
            "tags_all": {
              "Name": "DevOps-Role"
            },
            "unique_id": "AROAWVZWAJ2DANWVIOOW5"
          },
          "sensitive_attributes": [],
          "private": "bnVsbA==",
          "create_before_destroy": true
        }
      ]
    },
    {
      "module": "module.ecr_client",
      "mode": "managed",
      "type": "aws_ecr_repository",
      "name": "ecr_repository",
      "provider": "provider[\"registry.terraform.io/hashicorp/aws\"]",
      "instances": [
        {
          "schema_version": 0,
          "attributes": {
            "arn": "arn:aws:ecr:us-east-1:459137896070:repository/repo-client",
            "encryption_configuration": [
              {
                "encryption_type": "AES256",
                "kms_key": ""
              }
            ],
            "force_delete": null,
            "id": "repo-client",
            "image_scanning_configuration": [
              {
                "scan_on_push": false
              }
            ],
            "image_tag_mutability": "MUTABLE",
            "name": "repo-client",
            "registry_id": "459137896070",
            "repository_url": "459137896070.dkr.ecr.us-east-1.amazonaws.com/repo-client",
            "tags": {},
            "tags_all": {},
            "timeouts": null
          },
          "sensitive_attributes": [],
          "private": "eyJlMmJmYjczMC1lY2FhLTExZTYtOGY4OC0zNDM2M2JjN2M0YzAiOnsiZGVsZXRlIjoxMjAwMDAwMDAwMDAwfX0=",
          "create_before_destroy": true
        }
      ]
    },
    {
      "module": "module.ecs_autoscaling_client",
      "mode": "managed",
      "type": "aws_appautoscaling_policy",
      "name": "cpu",
      "provider": "provider[\"registry.terraform.io/hashicorp/aws\"]",
      "instances": [
        {
          "schema_version": 0,
          "attributes": {
            "alarm_arns": [
              "arn:aws:cloudwatch:us-east-1:459137896070:alarm:TargetTracking-service/Cluster-develop/Service-develop-client-AlarmHigh-1af63307-837f-4210-a860-63bed86ab6a2",
              "arn:aws:cloudwatch:us-east-1:459137896070:alarm:TargetTracking-service/Cluster-develop/Service-develop-client-AlarmLow-4cf33cbf-b62a-410a-8321-38d9180c7c75"
            ],
            "arn": "arn:aws:autoscaling:us-east-1:459137896070:scalingPolicy:1c28d868-3b65-4bc4-89d0-0ea9f067d9d1:resource/ecs/service/Cluster-develop/Service-develop-client:policyName/ecs_scale_cpu_service_develop-client",
            "id": "ecs_scale_cpu_service_develop-client",
            "name": "ecs_scale_cpu_service_develop-client",
            "policy_type": "TargetTrackingScaling",
            "resource_id": "service/Cluster-develop/Service-develop-client",
            "scalable_dimension": "ecs:service:DesiredCount",
            "service_namespace": "ecs",
            "step_scaling_policy_configuration": [],
            "target_tracking_scaling_policy_configuration": [
              {
                "customized_metric_specification": [],
                "disable_scale_in": false,
                "predefined_metric_specification": [
                  {
                    "predefined_metric_type": "ECSServiceAverageCPUUtilization",
                    "resource_label": ""
                  }
                ],
                "scale_in_cooldown": 60,
                "scale_out_cooldown": 60,
                "target_value": 50
              }
            ]
          },
          "sensitive_attributes": [],
          "private": "bnVsbA==",
          "dependencies": [
            "module.alb_client.aws_alb.alb",
            "module.alb_client.aws_alb_listener.http_listener",
            "module.alb_client.aws_alb_listener.https_listener",
            "module.alb_client.aws_alb_target_group.target_group",
            "module.ecr_client.aws_ecr_repository.ecr_repository",
            "module.ecs_autoscaling_client.aws_appautoscaling_target.ecs_target",
            "module.ecs_cluster.aws_ecs_cluster.ecs_cluster",
            "module.ecs_role.aws_iam_role.devops_role",
            "module.ecs_role.aws_iam_role.ecs_task_excecution_role",
            "module.ecs_role.aws_iam_role.ecs_task_role",
            "module.ecs_service_client.aws_ecs_service.ecs_service",
            "module.ecs_taks_definition_client.aws_ecs_task_definition.ecs_task_definition",
            "module.networking.aws_subnet.private_subnets_client",
            "module.networking.aws_subnet.public_subnets",
            "module.networking.aws_vpc.aws_vpc",
            "module.networking.data.aws_availability_zones.az_availables",
            "module.security_group_alb_client.aws_security_group.sg",
            "module.security_group_ecs_task_client.aws_security_group.sg",
            "module.target_group_client_blue.aws_alb_target_group.target_group"
          ]
        }
      ]
    },
    {
      "module": "module.ecs_autoscaling_client",
      "mode": "managed",
      "type": "aws_appautoscaling_policy",
      "name": "memory",
      "provider": "provider[\"registry.terraform.io/hashicorp/aws\"]",
      "instances": [
        {
          "schema_version": 0,
          "attributes": {
            "alarm_arns": [
              "arn:aws:cloudwatch:us-east-1:459137896070:alarm:TargetTracking-service/Cluster-develop/Service-develop-client-AlarmHigh-b5d78b02-8551-478a-9617-dd3e17a38bf4",
              "arn:aws:cloudwatch:us-east-1:459137896070:alarm:TargetTracking-service/Cluster-develop/Service-develop-client-AlarmLow-3ff3de6b-7ae3-45da-a277-60b7b80dfe29"
            ],
            "arn": "arn:aws:autoscaling:us-east-1:459137896070:scalingPolicy:1c28d868-3b65-4bc4-89d0-0ea9f067d9d1:resource/ecs/service/Cluster-develop/Service-develop-client:policyName/ecs_scale_memory_service_develop-client",
            "id": "ecs_scale_memory_service_develop-client",
            "name": "ecs_scale_memory_service_develop-client",
            "policy_type": "TargetTrackingScaling",
            "resource_id": "service/Cluster-develop/Service-develop-client",
            "scalable_dimension": "ecs:service:DesiredCount",
            "service_namespace": "ecs",
            "step_scaling_policy_configuration": [],
            "target_tracking_scaling_policy_configuration": [
              {
                "customized_metric_specification": [],
                "disable_scale_in": false,
                "predefined_metric_specification": [
                  {
                    "predefined_metric_type": "ECSServiceAverageMemoryUtilization",
                    "resource_label": ""
                  }
                ],
                "scale_in_cooldown": 60,
                "scale_out_cooldown": 60,
                "target_value": 50
              }
            ]
          },
          "sensitive_attributes": [],
          "private": "bnVsbA==",
          "dependencies": [
            "module.alb_client.aws_alb.alb",
            "module.alb_client.aws_alb_listener.http_listener",
            "module.alb_client.aws_alb_listener.https_listener",
            "module.alb_client.aws_alb_target_group.target_group",
            "module.ecr_client.aws_ecr_repository.ecr_repository",
            "module.ecs_autoscaling_client.aws_appautoscaling_target.ecs_target",
            "module.ecs_cluster.aws_ecs_cluster.ecs_cluster",
            "module.ecs_role.aws_iam_role.devops_role",
            "module.ecs_role.aws_iam_role.ecs_task_excecution_role",
            "module.ecs_role.aws_iam_role.ecs_task_role",
            "module.ecs_service_client.aws_ecs_service.ecs_service",
            "module.ecs_taks_definition_client.aws_ecs_task_definition.ecs_task_definition",
            "module.networking.aws_subnet.private_subnets_client",
            "module.networking.aws_subnet.public_subnets",
            "module.networking.aws_vpc.aws_vpc",
            "module.networking.data.aws_availability_zones.az_availables",
            "module.security_group_alb_client.aws_security_group.sg",
            "module.security_group_ecs_task_client.aws_security_group.sg",
            "module.target_group_client_blue.aws_alb_target_group.target_group"
          ]
        }
      ]
    },
    {
      "module": "module.ecs_autoscaling_client",
      "mode": "managed",
      "type": "aws_appautoscaling_target",
      "name": "ecs_target",
      "provider": "provider[\"registry.terraform.io/hashicorp/aws\"]",
      "instances": [
        {
          "schema_version": 0,
          "attributes": {
            "arn": "arn:aws:application-autoscaling:us-east-1:459137896070:scalable-target/0ec51c28d8683b654bc489d00ea9f067d9d1",
            "id": "service/Cluster-develop/Service-develop-client",
            "max_capacity": 4,
            "min_capacity": 1,
            "resource_id": "service/Cluster-develop/Service-develop-client",
            "role_arn": "arn:aws:iam::459137896070:role/aws-service-role/ecs.application-autoscaling.amazonaws.com/AWSServiceRoleForApplicationAutoScaling_ECSService",
            "scalable_dimension": "ecs:service:DesiredCount",
            "service_namespace": "ecs",
            "tags": {},
            "tags_all": {}
          },
          "sensitive_attributes": [],
          "private": "bnVsbA==",
          "dependencies": [
            "module.alb_client.aws_alb.alb",
            "module.alb_client.aws_alb_listener.http_listener",
            "module.alb_client.aws_alb_listener.https_listener",
            "module.alb_client.aws_alb_target_group.target_group",
            "module.ecr_client.aws_ecr_repository.ecr_repository",
            "module.ecs_cluster.aws_ecs_cluster.ecs_cluster",
            "module.ecs_role.aws_iam_role.devops_role",
            "module.ecs_role.aws_iam_role.ecs_task_excecution_role",
            "module.ecs_role.aws_iam_role.ecs_task_role",
            "module.ecs_service_client.aws_ecs_service.ecs_service",
            "module.ecs_taks_definition_client.aws_ecs_task_definition.ecs_task_definition",
            "module.networking.aws_subnet.private_subnets_client",
            "module.networking.aws_subnet.public_subnets",
            "module.networking.aws_vpc.aws_vpc",
            "module.networking.data.aws_availability_zones.az_availables",
            "module.security_group_alb_client.aws_security_group.sg",
            "module.security_group_ecs_task_client.aws_security_group.sg",
            "module.target_group_client_blue.aws_alb_target_group.target_group"
          ]
        }
      ]
    },
    {
      "module": "module.ecs_autoscaling_client",
      "mode": "managed",
      "type": "aws_cloudwatch_metric_alarm",
      "name": "high-cpu-policy-alarm",
      "provider": "provider[\"registry.terraform.io/hashicorp/aws\"]",
      "instances": [
        {
          "schema_version": 1,
          "attributes": {
            "actions_enabled": true,
            "alarm_actions": [],
            "alarm_description": "High CPUPolicy Landing Page for ecs service-develop-client",
            "alarm_name": "high-cpu-ecs-service-develop-client",
            "arn": "arn:aws:cloudwatch:us-east-1:459137896070:alarm:high-cpu-ecs-service-develop-client",
            "comparison_operator": "GreaterThanOrEqualToThreshold",
            "datapoints_to_alarm": 0,
            "dimensions": {
              "ClusterName": "Cluster-develop",
              "ServiceName": "Service-develop-client"
            },
            "evaluate_low_sample_count_percentiles": "",
            "evaluation_periods": 2,
            "extended_statistic": "",
            "id": "high-cpu-ecs-service-develop-client",
            "insufficient_data_actions": [],
            "metric_name": "CPUUtilization",
            "metric_query": [],
            "namespace": "AWS/ECS",
            "ok_actions": [],
            "period": 60,
            "statistic": "Maximum",
            "tags": {},
            "tags_all": {},
            "threshold": 50,
            "threshold_metric_id": "",
            "treat_missing_data": "missing",
            "unit": ""
          },
          "sensitive_attributes": [],
          "private": "eyJzY2hlbWFfdmVyc2lvbiI6IjEifQ==",
          "dependencies": [
            "module.alb_client.aws_alb.alb",
            "module.alb_client.aws_alb_listener.http_listener",
            "module.alb_client.aws_alb_listener.https_listener",
            "module.alb_client.aws_alb_target_group.target_group",
            "module.ecr_client.aws_ecr_repository.ecr_repository",
            "module.ecs_cluster.aws_ecs_cluster.ecs_cluster",
            "module.ecs_role.aws_iam_role.devops_role",
            "module.ecs_role.aws_iam_role.ecs_task_excecution_role",
            "module.ecs_role.aws_iam_role.ecs_task_role",
            "module.ecs_service_client.aws_ecs_service.ecs_service",
            "module.ecs_taks_definition_client.aws_ecs_task_definition.ecs_task_definition",
            "module.networking.aws_subnet.private_subnets_client",
            "module.networking.aws_subnet.public_subnets",
            "module.networking.aws_vpc.aws_vpc",
            "module.networking.data.aws_availability_zones.az_availables",
            "module.security_group_alb_client.aws_security_group.sg",
            "module.security_group_ecs_task_client.aws_security_group.sg",
            "module.target_group_client_blue.aws_alb_target_group.target_group"
          ]
        }
      ]
    },
    {
      "module": "module.ecs_autoscaling_client",
      "mode": "managed",
      "type": "aws_cloudwatch_metric_alarm",
      "name": "high-memory-policy-alarm",
      "provider": "provider[\"registry.terraform.io/hashicorp/aws\"]",
      "instances": [
        {
          "schema_version": 1,
          "attributes": {
            "actions_enabled": true,
            "alarm_actions": [],
            "alarm_description": "High Memory for ecs service-develop-client",
            "alarm_name": "high-memory-ecs-service-develop-client",
            "arn": "arn:aws:cloudwatch:us-east-1:459137896070:alarm:high-memory-ecs-service-develop-client",
            "comparison_operator": "GreaterThanOrEqualToThreshold",
            "datapoints_to_alarm": 0,
            "dimensions": {
              "ClusterName": "Cluster-develop",
              "ServiceName": "Service-develop-client"
            },
            "evaluate_low_sample_count_percentiles": "",
            "evaluation_periods": 2,
            "extended_statistic": "",
            "id": "high-memory-ecs-service-develop-client",
            "insufficient_data_actions": [],
            "metric_name": "MemoryUtilization",
            "metric_query": [],
            "namespace": "AWS/ECS",
            "ok_actions": [],
            "period": 60,
            "statistic": "Maximum",
            "tags": {},
            "tags_all": {},
            "threshold": 50,
            "threshold_metric_id": "",
            "treat_missing_data": "missing",
            "unit": ""
          },
          "sensitive_attributes": [],
          "private": "eyJzY2hlbWFfdmVyc2lvbiI6IjEifQ==",
          "dependencies": [
            "module.alb_client.aws_alb.alb",
            "module.alb_client.aws_alb_listener.http_listener",
            "module.alb_client.aws_alb_listener.https_listener",
            "module.alb_client.aws_alb_target_group.target_group",
            "module.ecr_client.aws_ecr_repository.ecr_repository",
            "module.ecs_cluster.aws_ecs_cluster.ecs_cluster",
            "module.ecs_role.aws_iam_role.devops_role",
            "module.ecs_role.aws_iam_role.ecs_task_excecution_role",
            "module.ecs_role.aws_iam_role.ecs_task_role",
            "module.ecs_service_client.aws_ecs_service.ecs_service",
            "module.ecs_taks_definition_client.aws_ecs_task_definition.ecs_task_definition",
            "module.networking.aws_subnet.private_subnets_client",
            "module.networking.aws_subnet.public_subnets",
            "module.networking.aws_vpc.aws_vpc",
            "module.networking.data.aws_availability_zones.az_availables",
            "module.security_group_alb_client.aws_security_group.sg",
            "module.security_group_ecs_task_client.aws_security_group.sg",
            "module.target_group_client_blue.aws_alb_target_group.target_group"
          ]
        }
      ]
    },
    {
      "module": "module.ecs_cluster",
      "mode": "managed",
      "type": "aws_ecs_cluster",
      "name": "ecs_cluster",
      "provider": "provider[\"registry.terraform.io/hashicorp/aws\"]",
      "instances": [
        {
          "schema_version": 0,
          "attributes": {
            "arn": "arn:aws:ecs:us-east-1:459137896070:cluster/Cluster-develop",
            "configuration": [],
            "id": "arn:aws:ecs:us-east-1:459137896070:cluster/Cluster-develop",
            "name": "Cluster-develop",
            "service_connect_defaults": [],
            "setting": [
              {
                "name": "containerInsights",
                "value": "disabled"
              }
            ],
            "tags": {},
            "tags_all": {}
          },
          "sensitive_attributes": [],
          "private": "bnVsbA==",
          "create_before_destroy": true
        }
      ]
    },
    {
      "module": "module.ecs_role",
      "mode": "data",
      "type": "aws_iam_policy_document",
      "name": "role_policy_devops_role",
      "provider": "provider[\"registry.terraform.io/hashicorp/aws\"]",
      "instances": [
        {
          "schema_version": 0,
          "attributes": {
            "id": "2438220261",
            "json": "{\n  \"Version\": \"2012-10-17\",\n  \"Statement\": [\n    {\n      \"Sid\": \"AllowS3Actions\",\n      \"Effect\": \"Allow\",\n      \"Action\": [\n        \"s3:PutObject\",\n        \"s3:List*\",\n        \"s3:GetObjectVersion\",\n        \"s3:GetObject\",\n        \"s3:GetBucketAcl\"\n      ],\n      \"Resource\": \"*\"\n    },\n    {\n      \"Sid\": \"AllowCodebuildActions\",\n      \"Effect\": \"Allow\",\n      \"Action\": [\n        \"codebuild:StopBuild\",\n        \"codebuild:StartBuildBatch\",\n        \"codebuild:StartBuild\",\n        \"codebuild:BatchGetBuilds\",\n        \"codebuild:BatchGetBuildBatches\"\n      ],\n      \"Resource\": \"*\"\n    },\n    {\n      \"Sid\": \"AllowCodebuildList\",\n      \"Effect\": \"Allow\",\n      \"Action\": \"codebuild:ListBuilds\",\n      \"Resource\": \"*\"\n    },\n    {\n      \"Sid\": \"AllowCodeDeployActions\",\n      \"Effect\": \"Allow\",\n      \"Action\": [\n        \"codedeploy:RegisterApplicationRevision\",\n        \"codedeploy:GetDeploymentGroup\",\n        \"codedeploy:GetDeployment\",\n        \"codedeploy:GetApplicationRevision\",\n        \"codedeploy:GetApplication\",\n        \"codedeploy:CreateDeployment\"\n      ],\n      \"Resource\": \"*\"\n    },\n    {\n      \"Sid\": \"AllowCodeDeployConfigs\",\n      \"Effect\": \"Allow\",\n      \"Action\": [\n        \"codedeploy:StopDeployment\",\n        \"codedeploy:ListDeployments\",\n        \"codedeploy:ListDeploymentGroups\",\n        \"codedeploy:ListDeploymentConfigs\",\n        \"codedeploy:ListApplications\",\n        \"codedeploy:GetDeploymentTarget\",\n        \"codedeploy:GetDeploymentConfig\",\n        \"codedeploy:CreateDeploymentGroup\",\n        \"codedeploy:CreateDeploymentConfig\"\n      ],\n      \"Resource\": \"*\"\n    },\n    {\n      \"Sid\": \"AllowECRActions\",\n      \"Effect\": \"Allow\",\n      \"Action\": [\n        \"ecr:UploadLayerPart\",\n        \"ecr:PutImage\",\n        \"ecr:InitiateLayerUpload\",\n        \"ecr:GetDownloadUrlForLayer\",\n        \"ecr:CompleteLayerUpload\",\n        \"ecr:BatchGetImage\",\n        \"ecr:BatchCheckLayerAvailability\"\n      ],\n      \"Resource\": \"*\"\n    },\n    {\n      \"Sid\": \"AllowECRAuthorization\",\n      \"Effect\": \"Allow\",\n      \"Action\": \"ecr:GetAuthorizationToken\",\n      \"Resource\": \"*\"\n    },\n    {\n      \"Sid\": \"AllowCECSServiceActions\",\n      \"Effect\": \"Allow\",\n      \"Action\": [\n        \"ecs:UpdateTaskSet\",\n        \"ecs:UpdateServicePrimaryTaskSet\",\n        \"ecs:UpdateService\",\n        \"ecs:UpdateCluster\",\n        \"ecs:UpdateCapacityProvider\",\n        \"ecs:StopTask\",\n        \"ecs:StartTask\",\n        \"ecs:RunTask\",\n        \"ecs:RegisterTaskDefinition\",\n        \"ecs:PutClusterCapacityProviders\",\n        \"ecs:ListTasks\",\n        \"ecs:ListServices\",\n        \"ecs:DescribeTasks\",\n        \"ecs:DescribeTaskSets\",\n        \"ecs:DescribeTaskDefinition\",\n        \"ecs:DescribeServices\",\n        \"ecs:DeregisterContainerInstance\",\n        \"ecs:DeleteTaskSet\",\n        \"ecs:CreateTaskSet\"\n      ],\n      \"Resource\": \"*\"\n    },\n    {\n      \"Sid\": \"AllowIAMPassRole\",\n      \"Effect\": \"Allow\",\n      \"Action\": \"iam:PassRole\",\n      \"Resource\": \"*\"\n    },\n    {\n      \"Sid\": \"AllowCloudWatchActions\",\n      \"Effect\": \"Allow\",\n      \"Action\": [\n        \"logs:PutLogEvents\",\n        \"logs:CreateLogStream\",\n        \"logs:CreateLogGroup\"\n      ],\n      \"Resource\": \"*\"\n    }\n  ]\n}",
            "override_policy_documents": null,
            "policy_id": null,
            "source_policy_documents": null,
            "statement": [
              {
                "actions": [
                  "s3:GetBucketAcl",
                  "s3:GetObject",
                  "s3:GetObjectVersion",
                  "s3:List*",
                  "s3:PutObject"
                ],
                "condition": [],
                "effect": "Allow",
                "not_actions": [],
                "not_principals": [],
                "not_resources": [],
                "principals": [],
                "resources": [
                  "*"
                ],
                "sid": "AllowS3Actions"
              },
              {
                "actions": [
                  "codebuild:BatchGetBuildBatches",
                  "codebuild:BatchGetBuilds",
                  "codebuild:StartBuild",
                  "codebuild:StartBuildBatch",
                  "codebuild:StopBuild"
                ],
                "condition": [],
                "effect": "Allow",
                "not_actions": [],
                "not_principals": [],
                "not_resources": [],
                "principals": [],
                "resources": [
                  "*"
                ],
                "sid": "AllowCodebuildActions"
              },
              {
                "actions": [
                  "codebuild:ListBuilds"
                ],
                "condition": [],
                "effect": "Allow",
                "not_actions": [],
                "not_principals": [],
                "not_resources": [],
                "principals": [],
                "resources": [
                  "*"
                ],
                "sid": "AllowCodebuildList"
              },
              {
                "actions": [
                  "codedeploy:CreateDeployment",
                  "codedeploy:GetApplication",
                  "codedeploy:GetApplicationRevision",
                  "codedeploy:GetDeployment",
                  "codedeploy:GetDeploymentGroup",
                  "codedeploy:RegisterApplicationRevision"
                ],
                "condition": [],
                "effect": "Allow",
                "not_actions": [],
                "not_principals": [],
                "not_resources": [],
                "principals": [],
                "resources": [
                  "*"
                ],
                "sid": "AllowCodeDeployActions"
              },
              {
                "actions": [
                  "codedeploy:CreateDeploymentConfig",
                  "codedeploy:CreateDeploymentGroup",
                  "codedeploy:GetDeploymentConfig",
                  "codedeploy:GetDeploymentTarget",
                  "codedeploy:ListApplications",
                  "codedeploy:ListDeploymentConfigs",
                  "codedeploy:ListDeploymentGroups",
                  "codedeploy:ListDeployments",
                  "codedeploy:StopDeployment"
                ],
                "condition": [],
                "effect": "Allow",
                "not_actions": [],
                "not_principals": [],
                "not_resources": [],
                "principals": [],
                "resources": [
                  "*"
                ],
                "sid": "AllowCodeDeployConfigs"
              },
              {
                "actions": [
                  "ecr:BatchCheckLayerAvailability",
                  "ecr:BatchGetImage",
                  "ecr:CompleteLayerUpload",
                  "ecr:GetDownloadUrlForLayer",
                  "ecr:InitiateLayerUpload",
                  "ecr:PutImage",
                  "ecr:UploadLayerPart"
                ],
                "condition": [],
                "effect": "Allow",
                "not_actions": [],
                "not_principals": [],
                "not_resources": [],
                "principals": [],
                "resources": [
                  "*"
                ],
                "sid": "AllowECRActions"
              },
              {
                "actions": [
                  "ecr:GetAuthorizationToken"
                ],
                "condition": [],
                "effect": "Allow",
                "not_actions": [],
                "not_principals": [],
                "not_resources": [],
                "principals": [],
                "resources": [
                  "*"
                ],
                "sid": "AllowECRAuthorization"
              },
              {
                "actions": [
                  "ecs:CreateTaskSet",
                  "ecs:DeleteTaskSet",
                  "ecs:DeregisterContainerInstance",
                  "ecs:DescribeServices",
                  "ecs:DescribeTaskDefinition",
                  "ecs:DescribeTaskSets",
                  "ecs:DescribeTasks",
                  "ecs:ListServices",
                  "ecs:ListTasks",
                  "ecs:PutClusterCapacityProviders",
                  "ecs:RegisterTaskDefinition",
                  "ecs:RunTask",
                  "ecs:StartTask",
                  "ecs:StopTask",
                  "ecs:UpdateCapacityProvider",
                  "ecs:UpdateCluster",
                  "ecs:UpdateService",
                  "ecs:UpdateServicePrimaryTaskSet",
                  "ecs:UpdateTaskSet"
                ],
                "condition": [],
                "effect": "Allow",
                "not_actions": [],
                "not_principals": [],
                "not_resources": [],
                "principals": [],
                "resources": [
                  "*"
                ],
                "sid": "AllowCECSServiceActions"
              },
              {
                "actions": [
                  "iam:PassRole"
                ],
                "condition": [],
                "effect": "Allow",
                "not_actions": [],
                "not_principals": [],
                "not_resources": [],
                "principals": [],
                "resources": [
                  "*"
                ],
                "sid": "AllowIAMPassRole"
              },
              {
                "actions": [
                  "logs:CreateLogGroup",
                  "logs:CreateLogStream",
                  "logs:PutLogEvents"
                ],
                "condition": [],
                "effect": "Allow",
                "not_actions": [],
                "not_principals": [],
                "not_resources": [],
                "principals": [],
                "resources": [
                  "*"
                ],
                "sid": "AllowCloudWatchActions"
              }
            ],
            "version": "2012-10-17"
          },
          "sensitive_attributes": []
        }
      ]
    },
    {
      "module": "module.ecs_role",
      "mode": "data",
      "type": "aws_iam_policy_document",
      "name": "role_policy_ecs_task_role",
      "provider": "provider[\"registry.terraform.io/hashicorp/aws\"]",
      "instances": [
        {
          "schema_version": 0,
          "attributes": {
            "id": "3542866187",
            "json": "{\n  \"Version\": \"2012-10-17\",\n  \"Statement\": [\n    {\n      \"Sid\": \"AllowS3Actions\",\n      \"Effect\": \"Allow\",\n      \"Action\": [\n        \"s3:ListBucket\",\n        \"s3:GetObject\"\n      ],\n      \"Resource\": \"*\"\n    },\n    {\n      \"Sid\": \"AllowIAMPassRole\",\n      \"Effect\": \"Allow\",\n      \"Action\": \"iam:PassRole\",\n      \"Resource\": \"*\"\n    },\n    {\n      \"Sid\": \"AllowDynamodbActions\",\n      \"Effect\": \"Allow\",\n      \"Action\": [\n        \"dynamodb:Scan\",\n        \"dynamodb:Query\",\n        \"dynamodb:List*\",\n        \"dynamodb:GetItem\",\n        \"dynamodb:Describe*\",\n        \"dynamodb:BatchGetItem\"\n      ],\n      \"Resource\": \"*\"\n    }\n  ]\n}",
            "override_policy_documents": null,
            "policy_id": null,
            "source_policy_documents": null,
            "statement": [
              {
                "actions": [
                  "s3:GetObject",
                  "s3:ListBucket"
                ],
                "condition": [],
                "effect": "Allow",
                "not_actions": [],
                "not_principals": [],
                "not_resources": [],
                "principals": [],
                "resources": [
                  "*"
                ],
                "sid": "AllowS3Actions"
              },
              {
                "actions": [
                  "iam:PassRole"
                ],
                "condition": [],
                "effect": "Allow",
                "not_actions": [],
                "not_principals": [],
                "not_resources": [],
                "principals": [],
                "resources": [
                  "*"
                ],
                "sid": "AllowIAMPassRole"
              },
              {
                "actions": [
                  "dynamodb:BatchGetItem",
                  "dynamodb:Describe*",
                  "dynamodb:GetItem",
                  "dynamodb:List*",
                  "dynamodb:Query",
                  "dynamodb:Scan"
                ],
                "condition": [],
                "effect": "Allow",
                "not_actions": [],
                "not_principals": [],
                "not_resources": [],
                "principals": [],
                "resources": [
                  "*"
                ],
                "sid": "AllowDynamodbActions"
              }
            ],
            "version": "2012-10-17"
          },
          "sensitive_attributes": []
        }
      ]
    },
    {
      "module": "module.ecs_role",
      "mode": "managed",
      "type": "aws_iam_policy",
      "name": "policy_for_ecs_task_role",
      "provider": "provider[\"registry.terraform.io/hashicorp/aws\"]",
      "instances": [
        {
          "index_key": 0,
          "schema_version": 0,
          "attributes": {
            "arn": "arn:aws:iam::459137896070:policy/Policy-ECS-task-Role",
            "description": "IAM Policy for Role ECS-task-Role",
            "id": "arn:aws:iam::459137896070:policy/Policy-ECS-task-Role",
            "name": "Policy-ECS-task-Role",
            "name_prefix": "",
            "path": "/",
            "policy": "{\"Statement\":[{\"Action\":[\"s3:ListBucket\",\"s3:GetObject\"],\"Effect\":\"Allow\",\"Resource\":\"*\",\"Sid\":\"AllowS3Actions\"},{\"Action\":\"iam:PassRole\",\"Effect\":\"Allow\",\"Resource\":\"*\",\"Sid\":\"AllowIAMPassRole\"},{\"Action\":[\"dynamodb:Scan\",\"dynamodb:Query\",\"dynamodb:List*\",\"dynamodb:GetItem\",\"dynamodb:Describe*\",\"dynamodb:BatchGetItem\"],\"Effect\":\"Allow\",\"Resource\":\"*\",\"Sid\":\"AllowDynamodbActions\"}],\"Version\":\"2012-10-17\"}",
            "policy_id": "ANPAWVZWAJ2DLJS6IIHIG",
            "tags": {},
            "tags_all": {}
          },
          "sensitive_attributes": [],
          "private": "bnVsbA==",
          "dependencies": [
            "module.ecs_role.data.aws_iam_policy_document.role_policy_ecs_task_role"
          ],
          "create_before_destroy": true
        }
      ]
    },
    {
      "module": "module.ecs_role",
      "mode": "managed",
      "type": "aws_iam_role",
      "name": "ecs_task_excecution_role",
      "provider": "provider[\"registry.terraform.io/hashicorp/aws\"]",
      "instances": [
        {
          "index_key": 0,
          "schema_version": 0,
          "attributes": {
            "arn": "arn:aws:iam::459137896070:role/ECS-task-excecution-Role",
            "assume_role_policy": "{\"Statement\":[{\"Action\":\"sts:AssumeRole\",\"Effect\":\"Allow\",\"Principal\":{\"Service\":\"ecs-tasks.amazonaws.com\"},\"Sid\":\"\"}],\"Version\":\"2012-10-17\"}",
            "create_date": "2023-09-06T23:42:52Z",
            "description": "",
            "force_detach_policies": false,
            "id": "ECS-task-excecution-Role",
            "inline_policy": [],
            "managed_policy_arns": [
              "arn:aws:iam::aws:policy/service-role/AmazonECSTaskExecutionRolePolicy"
            ],
            "max_session_duration": 3600,
            "name": "ECS-task-excecution-Role",
            "name_prefix": "",
            "path": "/",
            "permissions_boundary": null,
            "tags": {
              "Name": "ECS-task-excecution-Role"
            },
            "tags_all": {
              "Name": "ECS-task-excecution-Role"
            },
            "unique_id": "AROAWVZWAJ2DLYGRCHFB2"
          },
          "sensitive_attributes": [],
          "private": "bnVsbA==",
          "create_before_destroy": true
        }
      ]
    },
    {
      "module": "module.ecs_role",
      "mode": "managed",
      "type": "aws_iam_role",
      "name": "ecs_task_role",
      "provider": "provider[\"registry.terraform.io/hashicorp/aws\"]",
      "instances": [
        {
          "index_key": 0,
          "schema_version": 0,
          "attributes": {
            "arn": "arn:aws:iam::459137896070:role/ECS-task-Role",
            "assume_role_policy": "{\"Statement\":[{\"Action\":\"sts:AssumeRole\",\"Effect\":\"Allow\",\"Principal\":{\"Service\":\"ecs-tasks.amazonaws.com\"},\"Sid\":\"\"}],\"Version\":\"2012-10-17\"}",
            "create_date": "2023-09-06T23:42:52Z",
            "description": "",
            "force_detach_policies": false,
            "id": "ECS-task-Role",
            "inline_policy": [],
            "managed_policy_arns": [
              "arn:aws:iam::459137896070:policy/Policy-ECS-task-Role"
            ],
            "max_session_duration": 3600,
            "name": "ECS-task-Role",
            "name_prefix": "",
            "path": "/",
            "permissions_boundary": null,
            "tags": {
              "Name": "ECS-task-Role"
            },
            "tags_all": {
              "Name": "ECS-task-Role"
            },
            "unique_id": "AROAWVZWAJ2DOEKHTVIH4"
          },
          "sensitive_attributes": [],
          "private": "bnVsbA==",
          "create_before_destroy": true
        }
      ]
    },
    {
      "module": "module.ecs_role",
      "mode": "managed",
      "type": "aws_iam_role_policy_attachment",
      "name": "attachment",
      "provider": "provider[\"registry.terraform.io/hashicorp/aws\"]",
      "instances": [
        {
          "index_key": 0,
          "schema_version": 0,
          "attributes": {
            "id": "ECS-task-excecution-Role-20230906234252790000000001",
            "policy_arn": "arn:aws:iam::aws:policy/service-role/AmazonECSTaskExecutionRolePolicy",
            "role": "ECS-task-excecution-Role"
          },
          "sensitive_attributes": [],
          "private": "bnVsbA==",
          "dependencies": [
            "module.ecs_role.aws_iam_role.ecs_task_excecution_role"
          ],
          "create_before_destroy": true
        }
      ]
    },
    {
      "module": "module.ecs_role",
      "mode": "managed",
      "type": "aws_iam_role_policy_attachment",
      "name": "ecs_attachment",
      "provider": "provider[\"registry.terraform.io/hashicorp/aws\"]",
      "instances": [
        {
          "index_key": 0,
          "schema_version": 0,
          "attributes": {
            "id": "ECS-task-Role-20230906234253349700000003",
            "policy_arn": "arn:aws:iam::459137896070:policy/Policy-ECS-task-Role",
            "role": "ECS-task-Role"
          },
          "sensitive_attributes": [],
          "private": "bnVsbA==",
          "dependencies": [
            "module.ecs_role.aws_iam_policy.policy_for_ecs_task_role",
            "module.ecs_role.aws_iam_role.ecs_task_role",
            "module.ecs_role.data.aws_iam_policy_document.role_policy_ecs_task_role"
          ],
          "create_before_destroy": true
        }
      ]
    },
    {
      "module": "module.ecs_role_policy",
      "mode": "data",
      "type": "aws_iam_policy_document",
      "name": "role_policy_devops_role",
      "provider": "provider[\"registry.terraform.io/hashicorp/aws\"]",
      "instances": [
        {
          "schema_version": 0,
          "attributes": {
            "id": "2438220261",
            "json": "{\n  \"Version\": \"2012-10-17\",\n  \"Statement\": [\n    {\n      \"Sid\": \"AllowS3Actions\",\n      \"Effect\": \"Allow\",\n      \"Action\": [\n        \"s3:PutObject\",\n        \"s3:List*\",\n        \"s3:GetObjectVersion\",\n        \"s3:GetObject\",\n        \"s3:GetBucketAcl\"\n      ],\n      \"Resource\": \"*\"\n    },\n    {\n      \"Sid\": \"AllowCodebuildActions\",\n      \"Effect\": \"Allow\",\n      \"Action\": [\n        \"codebuild:StopBuild\",\n        \"codebuild:StartBuildBatch\",\n        \"codebuild:StartBuild\",\n        \"codebuild:BatchGetBuilds\",\n        \"codebuild:BatchGetBuildBatches\"\n      ],\n      \"Resource\": \"*\"\n    },\n    {\n      \"Sid\": \"AllowCodebuildList\",\n      \"Effect\": \"Allow\",\n      \"Action\": \"codebuild:ListBuilds\",\n      \"Resource\": \"*\"\n    },\n    {\n      \"Sid\": \"AllowCodeDeployActions\",\n      \"Effect\": \"Allow\",\n      \"Action\": [\n        \"codedeploy:RegisterApplicationRevision\",\n        \"codedeploy:GetDeploymentGroup\",\n        \"codedeploy:GetDeployment\",\n        \"codedeploy:GetApplicationRevision\",\n        \"codedeploy:GetApplication\",\n        \"codedeploy:CreateDeployment\"\n      ],\n      \"Resource\": \"*\"\n    },\n    {\n      \"Sid\": \"AllowCodeDeployConfigs\",\n      \"Effect\": \"Allow\",\n      \"Action\": [\n        \"codedeploy:StopDeployment\",\n        \"codedeploy:ListDeployments\",\n        \"codedeploy:ListDeploymentGroups\",\n        \"codedeploy:ListDeploymentConfigs\",\n        \"codedeploy:ListApplications\",\n        \"codedeploy:GetDeploymentTarget\",\n        \"codedeploy:GetDeploymentConfig\",\n        \"codedeploy:CreateDeploymentGroup\",\n        \"codedeploy:CreateDeploymentConfig\"\n      ],\n      \"Resource\": \"*\"\n    },\n    {\n      \"Sid\": \"AllowECRActions\",\n      \"Effect\": \"Allow\",\n      \"Action\": [\n        \"ecr:UploadLayerPart\",\n        \"ecr:PutImage\",\n        \"ecr:InitiateLayerUpload\",\n        \"ecr:GetDownloadUrlForLayer\",\n        \"ecr:CompleteLayerUpload\",\n        \"ecr:BatchGetImage\",\n        \"ecr:BatchCheckLayerAvailability\"\n      ],\n      \"Resource\": \"*\"\n    },\n    {\n      \"Sid\": \"AllowECRAuthorization\",\n      \"Effect\": \"Allow\",\n      \"Action\": \"ecr:GetAuthorizationToken\",\n      \"Resource\": \"*\"\n    },\n    {\n      \"Sid\": \"AllowCECSServiceActions\",\n      \"Effect\": \"Allow\",\n      \"Action\": [\n        \"ecs:UpdateTaskSet\",\n        \"ecs:UpdateServicePrimaryTaskSet\",\n        \"ecs:UpdateService\",\n        \"ecs:UpdateCluster\",\n        \"ecs:UpdateCapacityProvider\",\n        \"ecs:StopTask\",\n        \"ecs:StartTask\",\n        \"ecs:RunTask\",\n        \"ecs:RegisterTaskDefinition\",\n        \"ecs:PutClusterCapacityProviders\",\n        \"ecs:ListTasks\",\n        \"ecs:ListServices\",\n        \"ecs:DescribeTasks\",\n        \"ecs:DescribeTaskSets\",\n        \"ecs:DescribeTaskDefinition\",\n        \"ecs:DescribeServices\",\n        \"ecs:DeregisterContainerInstance\",\n        \"ecs:DeleteTaskSet\",\n        \"ecs:CreateTaskSet\"\n      ],\n      \"Resource\": \"*\"\n    },\n    {\n      \"Sid\": \"AllowIAMPassRole\",\n      \"Effect\": \"Allow\",\n      \"Action\": \"iam:PassRole\",\n      \"Resource\": \"*\"\n    },\n    {\n      \"Sid\": \"AllowCloudWatchActions\",\n      \"Effect\": \"Allow\",\n      \"Action\": [\n        \"logs:PutLogEvents\",\n        \"logs:CreateLogStream\",\n        \"logs:CreateLogGroup\"\n      ],\n      \"Resource\": \"*\"\n    }\n  ]\n}",
            "override_policy_documents": null,
            "policy_id": null,
            "source_policy_documents": null,
            "statement": [
              {
                "actions": [
                  "s3:GetBucketAcl",
                  "s3:GetObject",
                  "s3:GetObjectVersion",
                  "s3:List*",
                  "s3:PutObject"
                ],
                "condition": [],
                "effect": "Allow",
                "not_actions": [],
                "not_principals": [],
                "not_resources": [],
                "principals": [],
                "resources": [
                  "*"
                ],
                "sid": "AllowS3Actions"
              },
              {
                "actions": [
                  "codebuild:BatchGetBuildBatches",
                  "codebuild:BatchGetBuilds",
                  "codebuild:StartBuild",
                  "codebuild:StartBuildBatch",
                  "codebuild:StopBuild"
                ],
                "condition": [],
                "effect": "Allow",
                "not_actions": [],
                "not_principals": [],
                "not_resources": [],
                "principals": [],
                "resources": [
                  "*"
                ],
                "sid": "AllowCodebuildActions"
              },
              {
                "actions": [
                  "codebuild:ListBuilds"
                ],
                "condition": [],
                "effect": "Allow",
                "not_actions": [],
                "not_principals": [],
                "not_resources": [],
                "principals": [],
                "resources": [
                  "*"
                ],
                "sid": "AllowCodebuildList"
              },
              {
                "actions": [
                  "codedeploy:CreateDeployment",
                  "codedeploy:GetApplication",
                  "codedeploy:GetApplicationRevision",
                  "codedeploy:GetDeployment",
                  "codedeploy:GetDeploymentGroup",
                  "codedeploy:RegisterApplicationRevision"
                ],
                "condition": [],
                "effect": "Allow",
                "not_actions": [],
                "not_principals": [],
                "not_resources": [],
                "principals": [],
                "resources": [
                  "*"
                ],
                "sid": "AllowCodeDeployActions"
              },
              {
                "actions": [
                  "codedeploy:CreateDeploymentConfig",
                  "codedeploy:CreateDeploymentGroup",
                  "codedeploy:GetDeploymentConfig",
                  "codedeploy:GetDeploymentTarget",
                  "codedeploy:ListApplications",
                  "codedeploy:ListDeploymentConfigs",
                  "codedeploy:ListDeploymentGroups",
                  "codedeploy:ListDeployments",
                  "codedeploy:StopDeployment"
                ],
                "condition": [],
                "effect": "Allow",
                "not_actions": [],
                "not_principals": [],
                "not_resources": [],
                "principals": [],
                "resources": [
                  "*"
                ],
                "sid": "AllowCodeDeployConfigs"
              },
              {
                "actions": [
                  "ecr:BatchCheckLayerAvailability",
                  "ecr:BatchGetImage",
                  "ecr:CompleteLayerUpload",
                  "ecr:GetDownloadUrlForLayer",
                  "ecr:InitiateLayerUpload",
                  "ecr:PutImage",
                  "ecr:UploadLayerPart"
                ],
                "condition": [],
                "effect": "Allow",
                "not_actions": [],
                "not_principals": [],
                "not_resources": [],
                "principals": [],
                "resources": [
                  "*"
                ],
                "sid": "AllowECRActions"
              },
              {
                "actions": [
                  "ecr:GetAuthorizationToken"
                ],
                "condition": [],
                "effect": "Allow",
                "not_actions": [],
                "not_principals": [],
                "not_resources": [],
                "principals": [],
                "resources": [
                  "*"
                ],
                "sid": "AllowECRAuthorization"
              },
              {
                "actions": [
                  "ecs:CreateTaskSet",
                  "ecs:DeleteTaskSet",
                  "ecs:DeregisterContainerInstance",
                  "ecs:DescribeServices",
                  "ecs:DescribeTaskDefinition",
                  "ecs:DescribeTaskSets",
                  "ecs:DescribeTasks",
                  "ecs:ListServices",
                  "ecs:ListTasks",
                  "ecs:PutClusterCapacityProviders",
                  "ecs:RegisterTaskDefinition",
                  "ecs:RunTask",
                  "ecs:StartTask",
                  "ecs:StopTask",
                  "ecs:UpdateCapacityProvider",
                  "ecs:UpdateCluster",
                  "ecs:UpdateService",
                  "ecs:UpdateServicePrimaryTaskSet",
                  "ecs:UpdateTaskSet"
                ],
                "condition": [],
                "effect": "Allow",
                "not_actions": [],
                "not_principals": [],
                "not_resources": [],
                "principals": [],
                "resources": [
                  "*"
                ],
                "sid": "AllowCECSServiceActions"
              },
              {
                "actions": [
                  "iam:PassRole"
                ],
                "condition": [],
                "effect": "Allow",
                "not_actions": [],
                "not_principals": [],
                "not_resources": [],
                "principals": [],
                "resources": [
                  "*"
                ],
                "sid": "AllowIAMPassRole"
              },
              {
                "actions": [
                  "logs:CreateLogGroup",
                  "logs:CreateLogStream",
                  "logs:PutLogEvents"
                ],
                "condition": [],
                "effect": "Allow",
                "not_actions": [],
                "not_principals": [],
                "not_resources": [],
                "principals": [],
                "resources": [
                  "*"
                ],
                "sid": "AllowCloudWatchActions"
              }
            ],
            "version": "2012-10-17"
          },
          "sensitive_attributes": []
        }
      ]
    },
    {
      "module": "module.ecs_role_policy",
      "mode": "data",
      "type": "aws_iam_policy_document",
      "name": "role_policy_ecs_task_role",
      "provider": "provider[\"registry.terraform.io/hashicorp/aws\"]",
      "instances": [
        {
          "schema_version": 0,
          "attributes": {
            "id": "3542866187",
            "json": "{\n  \"Version\": \"2012-10-17\",\n  \"Statement\": [\n    {\n      \"Sid\": \"AllowS3Actions\",\n      \"Effect\": \"Allow\",\n      \"Action\": [\n        \"s3:ListBucket\",\n        \"s3:GetObject\"\n      ],\n      \"Resource\": \"*\"\n    },\n    {\n      \"Sid\": \"AllowIAMPassRole\",\n      \"Effect\": \"Allow\",\n      \"Action\": \"iam:PassRole\",\n      \"Resource\": \"*\"\n    },\n    {\n      \"Sid\": \"AllowDynamodbActions\",\n      \"Effect\": \"Allow\",\n      \"Action\": [\n        \"dynamodb:Scan\",\n        \"dynamodb:Query\",\n        \"dynamodb:List*\",\n        \"dynamodb:GetItem\",\n        \"dynamodb:Describe*\",\n        \"dynamodb:BatchGetItem\"\n      ],\n      \"Resource\": \"*\"\n    }\n  ]\n}",
            "override_policy_documents": null,
            "policy_id": null,
            "source_policy_documents": null,
            "statement": [
              {
                "actions": [
                  "s3:GetObject",
                  "s3:ListBucket"
                ],
                "condition": [],
                "effect": "Allow",
                "not_actions": [],
                "not_principals": [],
                "not_resources": [],
                "principals": [],
                "resources": [
                  "*"
                ],
                "sid": "AllowS3Actions"
              },
              {
                "actions": [
                  "iam:PassRole"
                ],
                "condition": [],
                "effect": "Allow",
                "not_actions": [],
                "not_principals": [],
                "not_resources": [],
                "principals": [],
                "resources": [
                  "*"
                ],
                "sid": "AllowIAMPassRole"
              },
              {
                "actions": [
                  "dynamodb:BatchGetItem",
                  "dynamodb:Describe*",
                  "dynamodb:GetItem",
                  "dynamodb:List*",
                  "dynamodb:Query",
                  "dynamodb:Scan"
                ],
                "condition": [],
                "effect": "Allow",
                "not_actions": [],
                "not_principals": [],
                "not_resources": [],
                "principals": [],
                "resources": [
                  "*"
                ],
                "sid": "AllowDynamodbActions"
              }
            ],
            "version": "2012-10-17"
          },
          "sensitive_attributes": []
        }
      ]
    },
    {
      "module": "module.ecs_service_client",
      "mode": "managed",
      "type": "aws_ecs_service",
      "name": "ecs_service",
      "provider": "provider[\"registry.terraform.io/hashicorp/aws\"]",
      "instances": [
        {
          "schema_version": 0,
          "attributes": {
            "alarms": [],
            "capacity_provider_strategy": [],
            "cluster": "arn:aws:ecs:us-east-1:459137896070:cluster/Cluster-develop",
            "deployment_circuit_breaker": [],
            "deployment_controller": [
              {
                "type": "CODE_DEPLOY"
              }
            ],
            "deployment_maximum_percent": 200,
            "deployment_minimum_healthy_percent": 100,
            "desired_count": 1,
            "enable_ecs_managed_tags": false,
            "enable_execute_command": false,
            "force_new_deployment": null,
            "health_check_grace_period_seconds": 10,
            "iam_role": "/aws-service-role/ecs.amazonaws.com/AWSServiceRoleForECS",
            "id": "arn:aws:ecs:us-east-1:459137896070:service/Cluster-develop/Service-develop-client",
            "launch_type": "FARGATE",
            "load_balancer": [
              {
                "container_name": "Container-client",
                "container_port": 80,
                "elb_name": "",
                "target_group_arn": "arn:aws:elasticloadbalancing:us-east-1:459137896070:targetgroup/tg-develop-c-b/2c3ab4f4769647ee"
              }
            ],
            "name": "Service-develop-client",
            "network_configuration": [
              {
                "assign_public_ip": false,
                "security_groups": [
                  "sg-0c9ba369c7f0b09d6"
                ],
                "subnets": [
                  "subnet-027b4a5a447c40c24",
                  "subnet-0c7f8e27aa05974eb"
                ]
              }
            ],
            "ordered_placement_strategy": [],
            "placement_constraints": [],
            "platform_version": "1.4.0",
            "propagate_tags": "NONE",
            "scheduling_strategy": "REPLICA",
            "service_connect_configuration": [],
            "service_registries": [],
            "tags": {},
            "tags_all": {},
            "task_definition": "arn:aws:ecs:us-east-1:459137896070:task-definition/task-definition-develop-client:2",
            "timeouts": null,
            "triggers": {},
            "wait_for_steady_state": false
          },
          "sensitive_attributes": [],
          "private": "eyJlMmJmYjczMC1lY2FhLTExZTYtOGY4OC0zNDM2M2JjN2M0YzAiOnsiY3JlYXRlIjoxMjAwMDAwMDAwMDAwLCJkZWxldGUiOjEyMDAwMDAwMDAwMDAsInVwZGF0ZSI6MTIwMDAwMDAwMDAwMH19",
          "dependencies": [
            "module.alb_client.aws_alb.alb",
            "module.alb_client.aws_alb_listener.http_listener",
            "module.alb_client.aws_alb_listener.https_listener",
            "module.alb_client.aws_alb_target_group.target_group",
            "module.ecr_client.aws_ecr_repository.ecr_repository",
            "module.ecs_cluster.aws_ecs_cluster.ecs_cluster",
            "module.ecs_role.aws_iam_role.devops_role",
            "module.ecs_role.aws_iam_role.ecs_task_excecution_role",
            "module.ecs_role.aws_iam_role.ecs_task_role",
            "module.ecs_taks_definition_client.aws_ecs_task_definition.ecs_task_definition",
            "module.networking.aws_subnet.private_subnets_client",
            "module.networking.aws_subnet.public_subnets",
            "module.networking.aws_vpc.aws_vpc",
            "module.networking.data.aws_availability_zones.az_availables",
            "module.security_group_alb_client.aws_security_group.sg",
            "module.security_group_ecs_task_client.aws_security_group.sg",
            "module.target_group_client_blue.aws_alb_target_group.target_group"
          ],
          "create_before_destroy": true
        }
      ]
    },
    {
      "module": "module.ecs_taks_definition_client",
      "mode": "managed",
      "type": "aws_cloudwatch_log_group",
      "name": "TaskDF-Log_Group",
      "provider": "provider[\"registry.terraform.io/hashicorp/aws\"]",
      "instances": [
        {
          "schema_version": 0,
          "attributes": {
            "arn": "arn:aws:logs:us-east-1:459137896070:log-group:/ecs/task-definition-develop-client",
            "id": "/ecs/task-definition-develop-client",
            "kms_key_id": "",
            "name": "/ecs/task-definition-develop-client",
            "name_prefix": "",
            "retention_in_days": 30,
            "skip_destroy": false,
            "tags": {},
            "tags_all": {}
          },
          "sensitive_attributes": [],
          "private": "bnVsbA=="
        }
      ]
    },
    {
      "module": "module.ecs_taks_definition_client",
      "mode": "managed",
      "type": "aws_ecs_task_definition",
      "name": "ecs_task_definition",
      "provider": "provider[\"registry.terraform.io/hashicorp/aws\"]",
      "instances": [
        {
          "schema_version": 1,
          "attributes": {
            "arn": "arn:aws:ecs:us-east-1:459137896070:task-definition/task-definition-develop-client:2",
            "arn_without_revision": "arn:aws:ecs:us-east-1:459137896070:task-definition/task-definition-develop-client",
            "container_definitions": "[{\"cpu\":0,\"environment\":[],\"essential\":true,\"image\":\"459137896070.dkr.ecr.us-east-1.amazonaws.com/repo-client\",\"logConfiguration\":{\"logDriver\":\"awslogs\",\"options\":{\"awslogs-group\":\"/ecs/task-definition-develop-client\",\"awslogs-region\":\"us-east-1\",\"awslogs-stream-prefix\":\"ecs\"}},\"mountPoints\":[],\"name\":\"Container-client\",\"portMappings\":[{\"containerPort\":80,\"hostPort\":80,\"protocol\":\"tcp\"}],\"volumesFrom\":[]}]",
            "cpu": "256",
            "ephemeral_storage": [],
            "execution_role_arn": "arn:aws:iam::459137896070:role/ECS-task-excecution-Role",
            "family": "task-definition-develop-client",
            "id": "task-definition-develop-client",
            "inference_accelerator": [],
            "ipc_mode": "",
            "memory": "512",
            "network_mode": "awsvpc",
            "pid_mode": "",
            "placement_constraints": [],
            "proxy_configuration": [],
            "requires_compatibilities": [
              "FARGATE"
            ],
            "revision": 2,
            "runtime_platform": [],
            "skip_destroy": false,
            "tags": {},
            "tags_all": {},
            "task_role_arn": "arn:aws:iam::459137896070:role/ECS-task-Role",
            "volume": []
          },
          "sensitive_attributes": [],
          "private": "eyJzY2hlbWFfdmVyc2lvbiI6IjEifQ==",
          "dependencies": [
            "module.ecr_client.aws_ecr_repository.ecr_repository",
            "module.ecs_role.aws_iam_role.devops_role",
            "module.ecs_role.aws_iam_role.ecs_task_excecution_role",
            "module.ecs_role.aws_iam_role.ecs_task_role"
          ],
          "create_before_destroy": true
        }
      ]
    },
    {
      "module": "module.networking",
      "mode": "data",
      "type": "aws_availability_zones",
      "name": "az_availables",
      "provider": "provider[\"registry.terraform.io/hashicorp/aws\"]",
      "instances": [
        {
          "schema_version": 0,
          "attributes": {
            "all_availability_zones": null,
            "exclude_names": null,
            "exclude_zone_ids": null,
            "filter": null,
            "group_names": [
              "us-east-1"
            ],
            "id": "us-east-1",
            "names": [
              "us-east-1a",
              "us-east-1b",
              "us-east-1c",
              "us-east-1d",
              "us-east-1e",
              "us-east-1f"
            ],
            "state": "available",
            "timeouts": null,
            "zone_ids": [
              "use1-az2",
              "use1-az4",
              "use1-az6",
              "use1-az1",
              "use1-az3",
              "use1-az5"
            ]
          },
          "sensitive_attributes": []
        }
      ]
    },
    {
      "module": "module.networking",
      "mode": "managed",
      "type": "aws_default_route_table",
      "name": "rt_public",
      "provider": "provider[\"registry.terraform.io/hashicorp/aws\"]",
      "instances": [
        {
          "schema_version": 0,
          "attributes": {
            "arn": "arn:aws:ec2:us-east-1:459137896070:route-table/rtb-04289f5f5f407a165",
            "default_route_table_id": "rtb-04289f5f5f407a165",
            "id": "rtb-04289f5f5f407a165",
            "owner_id": "459137896070",
            "propagating_vgws": [],
            "route": [
              {
                "cidr_block": "0.0.0.0/0",
                "core_network_arn": "",
                "destination_prefix_list_id": "",
                "egress_only_gateway_id": "",
                "gateway_id": "igw-01989c3d76fccb563",
                "instance_id": "",
                "ipv6_cidr_block": "",
                "nat_gateway_id": "",
                "network_interface_id": "",
                "transit_gateway_id": "",
                "vpc_endpoint_id": "",
                "vpc_peering_connection_id": ""
              }
            ],
            "tags": {
              "Name": "public_rt_develop"
            },
            "tags_all": {
              "Name": "public_rt_develop"
            },
            "timeouts": null,
            "vpc_id": "vpc-0b8f8273bf4a4b0a8"
          },
          "sensitive_attributes": [],
          "private": "eyJlMmJmYjczMC1lY2FhLTExZTYtOGY4OC0zNDM2M2JjN2M0YzAiOnsiY3JlYXRlIjoxMjAwMDAwMDAwMDAsInVwZGF0ZSI6MTIwMDAwMDAwMDAwfX0=",
          "dependencies": [
            "module.networking.aws_internet_gateway.igw",
            "module.networking.aws_vpc.aws_vpc"
          ]
        }
      ]
    },
    {
      "module": "module.networking",
      "mode": "managed",
      "type": "aws_eip",
      "name": "eip",
      "provider": "provider[\"registry.terraform.io/hashicorp/aws\"]",
      "instances": [
        {
          "schema_version": 0,
          "attributes": {
            "address": null,
            "allocation_id": "eipalloc-0940a33225208bcfd",
            "associate_with_private_ip": null,
            "association_id": "eipassoc-025b53dfef1b6a7df",
            "carrier_ip": "",
            "customer_owned_ip": "",
            "customer_owned_ipv4_pool": "",
            "domain": "vpc",
            "id": "eipalloc-0940a33225208bcfd",
            "instance": "",
            "network_border_group": "us-east-1",
            "network_interface": "eni-05430fcc293c2fea9",
            "private_dns": "ip-10-120-2-243.ec2.internal",
            "private_ip": "10.120.2.243",
            "public_dns": "ec2-54-163-70-118.compute-1.amazonaws.com",
            "public_ip": "54.163.70.118",
            "public_ipv4_pool": "amazon",
            "tags": {
              "Name": "eip-develop"
            },
            "tags_all": {
              "Name": "eip-develop"
            },
            "timeouts": null,
            "vpc": true
          },
          "sensitive_attributes": [],
          "private": "eyJlMmJmYjczMC1lY2FhLTExZTYtOGY4OC0zNDM2M2JjN2M0YzAiOnsiZGVsZXRlIjoxODAwMDAwMDAwMDAsInJlYWQiOjkwMDAwMDAwMDAwMCwidXBkYXRlIjozMDAwMDAwMDAwMDB9fQ=="
        }
      ]
    },
    {
      "module": "module.networking",
      "mode": "managed",
      "type": "aws_internet_gateway",
      "name": "igw",
      "provider": "provider[\"registry.terraform.io/hashicorp/aws\"]",
      "instances": [
        {
          "schema_version": 0,
          "attributes": {
            "arn": "arn:aws:ec2:us-east-1:459137896070:internet-gateway/igw-01989c3d76fccb563",
            "id": "igw-01989c3d76fccb563",
            "owner_id": "459137896070",
            "tags": {
              "Name": "igw_develop"
            },
            "tags_all": {
              "Name": "igw_develop"
            },
            "timeouts": null,
            "vpc_id": "vpc-0b8f8273bf4a4b0a8"
          },
          "sensitive_attributes": [],
          "private": "eyJlMmJmYjczMC1lY2FhLTExZTYtOGY4OC0zNDM2M2JjN2M0YzAiOnsiY3JlYXRlIjoxMjAwMDAwMDAwMDAwLCJkZWxldGUiOjEyMDAwMDAwMDAwMDAsInVwZGF0ZSI6MTIwMDAwMDAwMDAwMH19",
          "dependencies": [
            "module.networking.aws_vpc.aws_vpc"
          ]
        }
      ]
    },
    {
      "module": "module.networking",
      "mode": "managed",
      "type": "aws_nat_gateway",
      "name": "natgw",
      "provider": "provider[\"registry.terraform.io/hashicorp/aws\"]",
      "instances": [
        {
          "schema_version": 0,
          "attributes": {
            "allocation_id": "eipalloc-0940a33225208bcfd",
            "association_id": "eipassoc-025b53dfef1b6a7df",
            "connectivity_type": "public",
            "id": "nat-0def084ed154a6901",
            "network_interface_id": "eni-05430fcc293c2fea9",
            "private_ip": "10.120.2.243",
            "public_ip": "54.163.70.118",
            "secondary_allocation_ids": [],
            "secondary_private_ip_address_count": 0,
            "secondary_private_ip_addresses": [],
            "subnet_id": "subnet-098f4486a3cb94335",
            "tags": {
              "Name": "nat_develop"
            },
            "tags_all": {
              "Name": "nat_develop"
            },
            "timeouts": null
          },
          "sensitive_attributes": [],
          "private": "eyJlMmJmYjczMC1lY2FhLTExZTYtOGY4OC0zNDM2M2JjN2M0YzAiOnsiY3JlYXRlIjo2MDAwMDAwMDAwMDAsImRlbGV0ZSI6MTgwMDAwMDAwMDAwMCwidXBkYXRlIjo2MDAwMDAwMDAwMDB9fQ==",
          "dependencies": [
            "module.networking.aws_eip.eip",
            "module.networking.aws_subnet.public_subnets",
            "module.networking.aws_vpc.aws_vpc",
            "module.networking.data.aws_availability_zones.az_availables"
          ]
        }
      ]
    },
    {
      "module": "module.networking",
      "mode": "managed",
      "type": "aws_route_table",
      "name": "rt_private",
      "provider": "provider[\"registry.terraform.io/hashicorp/aws\"]",
      "instances": [
        {
          "schema_version": 0,
          "attributes": {
            "arn": "arn:aws:ec2:us-east-1:459137896070:route-table/rtb-0efcadf8019474bce",
            "id": "rtb-0efcadf8019474bce",
            "owner_id": "459137896070",
            "propagating_vgws": [],
            "route": [
              {
                "carrier_gateway_id": "",
                "cidr_block": "0.0.0.0/0",
                "core_network_arn": "",
                "destination_prefix_list_id": "",
                "egress_only_gateway_id": "",
                "gateway_id": "nat-0def084ed154a6901",
                "ipv6_cidr_block": "",
                "local_gateway_id": "",
                "nat_gateway_id": "",
                "network_interface_id": "",
                "transit_gateway_id": "",
                "vpc_endpoint_id": "",
                "vpc_peering_connection_id": ""
              }
            ],
            "tags": {
              "Name": "private_rt_develop"
            },
            "tags_all": {
              "Name": "private_rt_develop"
            },
            "timeouts": null,
            "vpc_id": "vpc-0b8f8273bf4a4b0a8"
          },
          "sensitive_attributes": [],
          "private": "eyJlMmJmYjczMC1lY2FhLTExZTYtOGY4OC0zNDM2M2JjN2M0YzAiOnsiY3JlYXRlIjozMDAwMDAwMDAwMDAsImRlbGV0ZSI6MzAwMDAwMDAwMDAwLCJ1cGRhdGUiOjEyMDAwMDAwMDAwMH19",
          "dependencies": [
            "module.networking.aws_nat_gateway.natgw",
            "module.networking.aws_vpc.aws_vpc"
          ]
        }
      ]
    },
    {
      "module": "module.networking",
      "mode": "managed",
      "type": "aws_route_table_association",
      "name": "rt_assoc_priv_subnets_client",
      "provider": "provider[\"registry.terraform.io/hashicorp/aws\"]",
      "instances": [
        {
          "index_key": 0,
          "schema_version": 0,
          "attributes": {
            "gateway_id": "",
            "id": "rtbassoc-0b916cdc85318385f",
            "route_table_id": "rtb-0efcadf8019474bce",
            "subnet_id": "subnet-0c7f8e27aa05974eb",
            "timeouts": null
          },
          "sensitive_attributes": [],
          "private": "eyJlMmJmYjczMC1lY2FhLTExZTYtOGY4OC0zNDM2M2JjN2M0YzAiOnsiY3JlYXRlIjozMDAwMDAwMDAwMDAsImRlbGV0ZSI6MzAwMDAwMDAwMDAwLCJ1cGRhdGUiOjEyMDAwMDAwMDAwMH19",
          "dependencies": [
            "module.networking.aws_eip.eip",
            "module.networking.aws_nat_gateway.natgw",
            "module.networking.aws_route_table.rt_private",
            "module.networking.aws_subnet.private_subnets_client",
            "module.networking.aws_subnet.public_subnets",
            "module.networking.aws_vpc.aws_vpc",
            "module.networking.data.aws_availability_zones.az_availables"
          ]
        },
        {
          "index_key": 1,
          "schema_version": 0,
          "attributes": {
            "gateway_id": "",
            "id": "rtbassoc-0447f4c2f92946c4f",
            "route_table_id": "rtb-0efcadf8019474bce",
            "subnet_id": "subnet-027b4a5a447c40c24",
            "timeouts": null
          },
          "sensitive_attributes": [],
          "private": "eyJlMmJmYjczMC1lY2FhLTExZTYtOGY4OC0zNDM2M2JjN2M0YzAiOnsiY3JlYXRlIjozMDAwMDAwMDAwMDAsImRlbGV0ZSI6MzAwMDAwMDAwMDAwLCJ1cGRhdGUiOjEyMDAwMDAwMDAwMH19",
          "dependencies": [
            "module.networking.aws_eip.eip",
            "module.networking.aws_nat_gateway.natgw",
            "module.networking.aws_route_table.rt_private",
            "module.networking.aws_subnet.private_subnets_client",
            "module.networking.aws_subnet.public_subnets",
            "module.networking.aws_vpc.aws_vpc",
            "module.networking.data.aws_availability_zones.az_availables"
          ]
        }
      ]
    },
    {
      "module": "module.networking",
      "mode": "managed",
      "type": "aws_route_table_association",
      "name": "rt_assoc_pub_subnets",
      "provider": "provider[\"registry.terraform.io/hashicorp/aws\"]",
      "instances": [
        {
          "index_key": 0,
          "schema_version": 0,
          "attributes": {
            "gateway_id": "",
            "id": "rtbassoc-0e0a9053fd8f79121",
            "route_table_id": "rtb-04289f5f5f407a165",
            "subnet_id": "subnet-098f4486a3cb94335",
            "timeouts": null
          },
          "sensitive_attributes": [],
          "private": "eyJlMmJmYjczMC1lY2FhLTExZTYtOGY4OC0zNDM2M2JjN2M0YzAiOnsiY3JlYXRlIjozMDAwMDAwMDAwMDAsImRlbGV0ZSI6MzAwMDAwMDAwMDAwLCJ1cGRhdGUiOjEyMDAwMDAwMDAwMH19",
          "dependencies": [
            "module.networking.aws_subnet.public_subnets",
            "module.networking.aws_vpc.aws_vpc",
            "module.networking.data.aws_availability_zones.az_availables"
          ]
        },
        {
          "index_key": 1,
          "schema_version": 0,
          "attributes": {
            "gateway_id": "",
            "id": "rtbassoc-0d7efecf137a9c90c",
            "route_table_id": "rtb-04289f5f5f407a165",
            "subnet_id": "subnet-0c5803fdfd09c560d",
            "timeouts": null
          },
          "sensitive_attributes": [],
          "private": "eyJlMmJmYjczMC1lY2FhLTExZTYtOGY4OC0zNDM2M2JjN2M0YzAiOnsiY3JlYXRlIjozMDAwMDAwMDAwMDAsImRlbGV0ZSI6MzAwMDAwMDAwMDAwLCJ1cGRhdGUiOjEyMDAwMDAwMDAwMH19",
          "dependencies": [
            "module.networking.aws_subnet.public_subnets",
            "module.networking.aws_vpc.aws_vpc",
            "module.networking.data.aws_availability_zones.az_availables"
          ]
        }
      ]
    },
    {
      "module": "module.networking",
      "mode": "managed",
      "type": "aws_subnet",
      "name": "private_subnets_client",
      "provider": "provider[\"registry.terraform.io/hashicorp/aws\"]",
      "instances": [
        {
          "index_key": 0,
          "schema_version": 1,
          "attributes": {
            "arn": "arn:aws:ec2:us-east-1:459137896070:subnet/subnet-0c7f8e27aa05974eb",
            "assign_ipv6_address_on_creation": false,
            "availability_zone": "us-east-1a",
            "availability_zone_id": "use1-az2",
            "cidr_block": "10.120.6.0/23",
            "customer_owned_ipv4_pool": "",
            "enable_dns64": false,
            "enable_lni_at_device_index": 0,
            "enable_resource_name_dns_a_record_on_launch": false,
            "enable_resource_name_dns_aaaa_record_on_launch": false,
            "id": "subnet-0c7f8e27aa05974eb",
            "ipv6_cidr_block": "",
            "ipv6_cidr_block_association_id": "",
            "ipv6_native": false,
            "map_customer_owned_ip_on_launch": false,
            "map_public_ip_on_launch": false,
            "outpost_arn": "",
            "owner_id": "459137896070",
            "private_dns_hostname_type_on_launch": "ip-name",
            "tags": {
              "Name": "private_subnet_client_0_develop"
            },
            "tags_all": {
              "Name": "private_subnet_client_0_develop"
            },
            "timeouts": null,
            "vpc_id": "vpc-0b8f8273bf4a4b0a8"
          },
          "sensitive_attributes": [],
          "private": "eyJlMmJmYjczMC1lY2FhLTExZTYtOGY4OC0zNDM2M2JjN2M0YzAiOnsiY3JlYXRlIjo2MDAwMDAwMDAwMDAsImRlbGV0ZSI6MTIwMDAwMDAwMDAwMH0sInNjaGVtYV92ZXJzaW9uIjoiMSJ9",
          "dependencies": [
            "module.networking.aws_vpc.aws_vpc",
            "module.networking.data.aws_availability_zones.az_availables"
          ],
          "create_before_destroy": true
        },
        {
          "index_key": 1,
          "schema_version": 1,
          "attributes": {
            "arn": "arn:aws:ec2:us-east-1:459137896070:subnet/subnet-027b4a5a447c40c24",
            "assign_ipv6_address_on_creation": false,
            "availability_zone": "us-east-1b",
            "availability_zone_id": "use1-az4",
            "cidr_block": "10.120.8.0/23",
            "customer_owned_ipv4_pool": "",
            "enable_dns64": false,
            "enable_lni_at_device_index": 0,
            "enable_resource_name_dns_a_record_on_launch": false,
            "enable_resource_name_dns_aaaa_record_on_launch": false,
            "id": "subnet-027b4a5a447c40c24",
            "ipv6_cidr_block": "",
            "ipv6_cidr_block_association_id": "",
            "ipv6_native": false,
            "map_customer_owned_ip_on_launch": false,
            "map_public_ip_on_launch": false,
            "outpost_arn": "",
            "owner_id": "459137896070",
            "private_dns_hostname_type_on_launch": "ip-name",
            "tags": {
              "Name": "private_subnet_client_1_develop"
            },
            "tags_all": {
              "Name": "private_subnet_client_1_develop"
            },
            "timeouts": null,
            "vpc_id": "vpc-0b8f8273bf4a4b0a8"
          },
          "sensitive_attributes": [],
          "private": "eyJlMmJmYjczMC1lY2FhLTExZTYtOGY4OC0zNDM2M2JjN2M0YzAiOnsiY3JlYXRlIjo2MDAwMDAwMDAwMDAsImRlbGV0ZSI6MTIwMDAwMDAwMDAwMH0sInNjaGVtYV92ZXJzaW9uIjoiMSJ9",
          "dependencies": [
            "module.networking.aws_vpc.aws_vpc",
            "module.networking.data.aws_availability_zones.az_availables"
          ],
          "create_before_destroy": true
        }
      ]
    },
    {
      "module": "module.networking",
      "mode": "managed",
      "type": "aws_subnet",
      "name": "public_subnets",
      "provider": "provider[\"registry.terraform.io/hashicorp/aws\"]",
      "instances": [
        {
          "index_key": 0,
          "schema_version": 1,
          "attributes": {
            "arn": "arn:aws:ec2:us-east-1:459137896070:subnet/subnet-098f4486a3cb94335",
            "assign_ipv6_address_on_creation": false,
            "availability_zone": "us-east-1a",
            "availability_zone_id": "use1-az2",
            "cidr_block": "10.120.2.0/23",
            "customer_owned_ipv4_pool": "",
            "enable_dns64": false,
            "enable_lni_at_device_index": 0,
            "enable_resource_name_dns_a_record_on_launch": false,
            "enable_resource_name_dns_aaaa_record_on_launch": false,
            "id": "subnet-098f4486a3cb94335",
            "ipv6_cidr_block": "",
            "ipv6_cidr_block_association_id": "",
            "ipv6_native": false,
            "map_customer_owned_ip_on_launch": false,
            "map_public_ip_on_launch": true,
            "outpost_arn": "",
            "owner_id": "459137896070",
            "private_dns_hostname_type_on_launch": "ip-name",
            "tags": {
              "Name": "public_subnet_0_develop"
            },
            "tags_all": {
              "Name": "public_subnet_0_develop"
            },
            "timeouts": null,
            "vpc_id": "vpc-0b8f8273bf4a4b0a8"
          },
          "sensitive_attributes": [],
          "private": "eyJlMmJmYjczMC1lY2FhLTExZTYtOGY4OC0zNDM2M2JjN2M0YzAiOnsiY3JlYXRlIjo2MDAwMDAwMDAwMDAsImRlbGV0ZSI6MTIwMDAwMDAwMDAwMH0sInNjaGVtYV92ZXJzaW9uIjoiMSJ9",
          "dependencies": [
            "module.networking.aws_vpc.aws_vpc",
            "module.networking.data.aws_availability_zones.az_availables"
          ],
          "create_before_destroy": true
        },
        {
          "index_key": 1,
          "schema_version": 1,
          "attributes": {
            "arn": "arn:aws:ec2:us-east-1:459137896070:subnet/subnet-0c5803fdfd09c560d",
            "assign_ipv6_address_on_creation": false,
            "availability_zone": "us-east-1b",
            "availability_zone_id": "use1-az4",
            "cidr_block": "10.120.4.0/23",
            "customer_owned_ipv4_pool": "",
            "enable_dns64": false,
            "enable_lni_at_device_index": 0,
            "enable_resource_name_dns_a_record_on_launch": false,
            "enable_resource_name_dns_aaaa_record_on_launch": false,
            "id": "subnet-0c5803fdfd09c560d",
            "ipv6_cidr_block": "",
            "ipv6_cidr_block_association_id": "",
            "ipv6_native": false,
            "map_customer_owned_ip_on_launch": false,
            "map_public_ip_on_launch": true,
            "outpost_arn": "",
            "owner_id": "459137896070",
            "private_dns_hostname_type_on_launch": "ip-name",
            "tags": {
              "Name": "public_subnet_1_develop"
            },
            "tags_all": {
              "Name": "public_subnet_1_develop"
            },
            "timeouts": null,
            "vpc_id": "vpc-0b8f8273bf4a4b0a8"
          },
          "sensitive_attributes": [],
          "private": "eyJlMmJmYjczMC1lY2FhLTExZTYtOGY4OC0zNDM2M2JjN2M0YzAiOnsiY3JlYXRlIjo2MDAwMDAwMDAwMDAsImRlbGV0ZSI6MTIwMDAwMDAwMDAwMH0sInNjaGVtYV92ZXJzaW9uIjoiMSJ9",
          "dependencies": [
            "module.networking.aws_vpc.aws_vpc",
            "module.networking.data.aws_availability_zones.az_availables"
          ],
          "create_before_destroy": true
        }
      ]
    },
    {
      "module": "module.networking",
      "mode": "managed",
      "type": "aws_vpc",
      "name": "aws_vpc",
      "provider": "provider[\"registry.terraform.io/hashicorp/aws\"]",
      "instances": [
        {
          "schema_version": 1,
          "attributes": {
            "arn": "arn:aws:ec2:us-east-1:459137896070:vpc/vpc-0b8f8273bf4a4b0a8",
            "assign_generated_ipv6_cidr_block": false,
            "cidr_block": "10.120.0.0/16",
            "default_network_acl_id": "acl-0eb09f8556f44a01a",
            "default_route_table_id": "rtb-04289f5f5f407a165",
            "default_security_group_id": "sg-01047c82e9ecd63ba",
            "dhcp_options_id": "dopt-f04fc78a",
            "enable_dns_hostnames": true,
            "enable_dns_support": true,
            "enable_network_address_usage_metrics": false,
            "id": "vpc-0b8f8273bf4a4b0a8",
            "instance_tenancy": "default",
            "ipv4_ipam_pool_id": null,
            "ipv4_netmask_length": null,
            "ipv6_association_id": "",
            "ipv6_cidr_block": "",
            "ipv6_cidr_block_network_border_group": "",
            "ipv6_ipam_pool_id": "",
            "ipv6_netmask_length": 0,
            "main_route_table_id": "rtb-04289f5f5f407a165",
            "owner_id": "459137896070",
            "tags": {
              "Name": "vpc_develop"
            },
            "tags_all": {
              "Name": "vpc_develop"
            }
          },
          "sensitive_attributes": [],
          "private": "eyJzY2hlbWFfdmVyc2lvbiI6IjEifQ==",
          "create_before_destroy": true
        }
      ]
    },
    {
      "module": "module.policy_devops_role",
      "mode": "data",
      "type": "aws_iam_policy_document",
      "name": "role_policy_devops_role",
      "provider": "provider[\"registry.terraform.io/hashicorp/aws\"]",
      "instances": [
        {
          "schema_version": 0,
          "attributes": {
            "id": "949401285",
            "json": "{\n  \"Version\": \"2012-10-17\",\n  \"Statement\": [\n    {\n      \"Sid\": \"AllowS3Actions\",\n      \"Effect\": \"Allow\",\n      \"Action\": [\n        \"s3:PutObject\",\n        \"s3:List*\",\n        \"s3:GetObjectVersion\",\n        \"s3:GetObject\",\n        \"s3:GetBucketAcl\"\n      ],\n      \"Resource\": \"*\"\n    },\n    {\n      \"Sid\": \"AllowCodebuildActions\",\n      \"Effect\": \"Allow\",\n      \"Action\": [\n        \"codebuild:StopBuild\",\n        \"codebuild:StartBuildBatch\",\n        \"codebuild:StartBuild\",\n        \"codebuild:BatchGetBuilds\",\n        \"codebuild:BatchGetBuildBatches\"\n      ],\n      \"Resource\": \"arn:aws:codebuild:us-east-1:459137896070:project/codebuild-develop-client\"\n    },\n    {\n      \"Sid\": \"AllowCodebuildList\",\n      \"Effect\": \"Allow\",\n      \"Action\": \"codebuild:ListBuilds\",\n      \"Resource\": \"*\"\n    },\n    {\n      \"Sid\": \"AllowCodeDeployActions\",\n      \"Effect\": \"Allow\",\n      \"Action\": [\n        \"codedeploy:RegisterApplicationRevision\",\n        \"codedeploy:GetDeploymentGroup\",\n        \"codedeploy:GetDeployment\",\n        \"codedeploy:GetApplicationRevision\",\n        \"codedeploy:GetApplication\",\n        \"codedeploy:CreateDeployment\"\n      ],\n      \"Resource\": [\n        \"arn:aws:codedeploy:us-east-1:459137896070:deploymentgroup:Deploy-develop-client/deployment-group-Deploy-develop-client\",\n        \"arn:aws:codedeploy:us-east-1:459137896070:application:Deploy-develop-client\"\n      ]\n    },\n    {\n      \"Sid\": \"AllowCodeDeployConfigs\",\n      \"Effect\": \"Allow\",\n      \"Action\": [\n        \"codedeploy:StopDeployment\",\n        \"codedeploy:ListDeployments\",\n        \"codedeploy:ListDeploymentGroups\",\n        \"codedeploy:ListDeploymentConfigs\",\n        \"codedeploy:ListApplications\",\n        \"codedeploy:GetDeploymentTarget\",\n        \"codedeploy:GetDeploymentConfig\",\n        \"codedeploy:CreateDeploymentGroup\",\n        \"codedeploy:CreateDeploymentConfig\"\n      ],\n      \"Resource\": \"*\"\n    },\n    {\n      \"Sid\": \"AllowECRActions\",\n      \"Effect\": \"Allow\",\n      \"Action\": [\n        \"ecr:UploadLayerPart\",\n        \"ecr:PutImage\",\n        \"ecr:InitiateLayerUpload\",\n        \"ecr:GetDownloadUrlForLayer\",\n        \"ecr:CompleteLayerUpload\",\n        \"ecr:BatchGetImage\",\n        \"ecr:BatchCheckLayerAvailability\"\n      ],\n      \"Resource\": \"arn:aws:ecr:us-east-1:459137896070:repository/repo-client\"\n    },\n    {\n      \"Sid\": \"AllowECRAuthorization\",\n      \"Effect\": \"Allow\",\n      \"Action\": \"ecr:GetAuthorizationToken\",\n      \"Resource\": \"*\"\n    },\n    {\n      \"Sid\": \"AllowCECSServiceActions\",\n      \"Effect\": \"Allow\",\n      \"Action\": [\n        \"ecs:UpdateTaskSet\",\n        \"ecs:UpdateServicePrimaryTaskSet\",\n        \"ecs:UpdateService\",\n        \"ecs:UpdateCluster\",\n        \"ecs:UpdateCapacityProvider\",\n        \"ecs:StopTask\",\n        \"ecs:StartTask\",\n        \"ecs:RunTask\",\n        \"ecs:RegisterTaskDefinition\",\n        \"ecs:PutClusterCapacityProviders\",\n        \"ecs:ListTasks\",\n        \"ecs:ListServices\",\n        \"ecs:DescribeTasks\",\n        \"ecs:DescribeTaskSets\",\n        \"ecs:DescribeTaskDefinition\",\n        \"ecs:DescribeServices\",\n        \"ecs:DeregisterContainerInstance\",\n        \"ecs:DeleteTaskSet\",\n        \"ecs:CreateTaskSet\"\n      ],\n      \"Resource\": \"*\"\n    },\n    {\n      \"Sid\": \"AllowIAMPassRole\",\n      \"Effect\": \"Allow\",\n      \"Action\": \"iam:PassRole\",\n      \"Resource\": \"*\"\n    },\n    {\n      \"Sid\": \"AllowCloudWatchActions\",\n      \"Effect\": \"Allow\",\n      \"Action\": [\n        \"logs:PutLogEvents\",\n        \"logs:CreateLogStream\",\n        \"logs:CreateLogGroup\"\n      ],\n      \"Resource\": \"*\"\n    }\n  ]\n}",
            "override_policy_documents": null,
            "policy_id": null,
            "source_policy_documents": null,
            "statement": [
              {
                "actions": [
                  "s3:GetBucketAcl",
                  "s3:GetObject",
                  "s3:GetObjectVersion",
                  "s3:List*",
                  "s3:PutObject"
                ],
                "condition": [],
                "effect": "Allow",
                "not_actions": [],
                "not_principals": [],
                "not_resources": [],
                "principals": [],
                "resources": [
                  "*"
                ],
                "sid": "AllowS3Actions"
              },
              {
                "actions": [
                  "codebuild:BatchGetBuildBatches",
                  "codebuild:BatchGetBuilds",
                  "codebuild:StartBuild",
                  "codebuild:StartBuildBatch",
                  "codebuild:StopBuild"
                ],
                "condition": [],
                "effect": "Allow",
                "not_actions": [],
                "not_principals": [],
                "not_resources": [],
                "principals": [],
                "resources": [
                  "arn:aws:codebuild:us-east-1:459137896070:project/codebuild-develop-client"
                ],
                "sid": "AllowCodebuildActions"
              },
              {
                "actions": [
                  "codebuild:ListBuilds"
                ],
                "condition": [],
                "effect": "Allow",
                "not_actions": [],
                "not_principals": [],
                "not_resources": [],
                "principals": [],
                "resources": [
                  "*"
                ],
                "sid": "AllowCodebuildList"
              },
              {
                "actions": [
                  "codedeploy:CreateDeployment",
                  "codedeploy:GetApplication",
                  "codedeploy:GetApplicationRevision",
                  "codedeploy:GetDeployment",
                  "codedeploy:GetDeploymentGroup",
                  "codedeploy:RegisterApplicationRevision"
                ],
                "condition": [],
                "effect": "Allow",
                "not_actions": [],
                "not_principals": [],
                "not_resources": [],
                "principals": [],
                "resources": [
                  "arn:aws:codedeploy:us-east-1:459137896070:application:Deploy-develop-client",
                  "arn:aws:codedeploy:us-east-1:459137896070:deploymentgroup:Deploy-develop-client/deployment-group-Deploy-develop-client"
                ],
                "sid": "AllowCodeDeployActions"
              },
              {
                "actions": [
                  "codedeploy:CreateDeploymentConfig",
                  "codedeploy:CreateDeploymentGroup",
                  "codedeploy:GetDeploymentConfig",
                  "codedeploy:GetDeploymentTarget",
                  "codedeploy:ListApplications",
                  "codedeploy:ListDeploymentConfigs",
                  "codedeploy:ListDeploymentGroups",
                  "codedeploy:ListDeployments",
                  "codedeploy:StopDeployment"
                ],
                "condition": [],
                "effect": "Allow",
                "not_actions": [],
                "not_principals": [],
                "not_resources": [],
                "principals": [],
                "resources": [
                  "*"
                ],
                "sid": "AllowCodeDeployConfigs"
              },
              {
                "actions": [
                  "ecr:BatchCheckLayerAvailability",
                  "ecr:BatchGetImage",
                  "ecr:CompleteLayerUpload",
                  "ecr:GetDownloadUrlForLayer",
                  "ecr:InitiateLayerUpload",
                  "ecr:PutImage",
                  "ecr:UploadLayerPart"
                ],
                "condition": [],
                "effect": "Allow",
                "not_actions": [],
                "not_principals": [],
                "not_resources": [],
                "principals": [],
                "resources": [
                  "arn:aws:ecr:us-east-1:459137896070:repository/repo-client"
                ],
                "sid": "AllowECRActions"
              },
              {
                "actions": [
                  "ecr:GetAuthorizationToken"
                ],
                "condition": [],
                "effect": "Allow",
                "not_actions": [],
                "not_principals": [],
                "not_resources": [],
                "principals": [],
                "resources": [
                  "*"
                ],
                "sid": "AllowECRAuthorization"
              },
              {
                "actions": [
                  "ecs:CreateTaskSet",
                  "ecs:DeleteTaskSet",
                  "ecs:DeregisterContainerInstance",
                  "ecs:DescribeServices",
                  "ecs:DescribeTaskDefinition",
                  "ecs:DescribeTaskSets",
                  "ecs:DescribeTasks",
                  "ecs:ListServices",
                  "ecs:ListTasks",
                  "ecs:PutClusterCapacityProviders",
                  "ecs:RegisterTaskDefinition",
                  "ecs:RunTask",
                  "ecs:StartTask",
                  "ecs:StopTask",
                  "ecs:UpdateCapacityProvider",
                  "ecs:UpdateCluster",
                  "ecs:UpdateService",
                  "ecs:UpdateServicePrimaryTaskSet",
                  "ecs:UpdateTaskSet"
                ],
                "condition": [],
                "effect": "Allow",
                "not_actions": [],
                "not_principals": [],
                "not_resources": [],
                "principals": [],
                "resources": [
                  "*"
                ],
                "sid": "AllowCECSServiceActions"
              },
              {
                "actions": [
                  "iam:PassRole"
                ],
                "condition": [],
                "effect": "Allow",
                "not_actions": [],
                "not_principals": [],
                "not_resources": [],
                "principals": [],
                "resources": [
                  "*"
                ],
                "sid": "AllowIAMPassRole"
              },
              {
                "actions": [
                  "logs:CreateLogGroup",
                  "logs:CreateLogStream",
                  "logs:PutLogEvents"
                ],
                "condition": [],
                "effect": "Allow",
                "not_actions": [],
                "not_principals": [],
                "not_resources": [],
                "principals": [],
                "resources": [
                  "*"
                ],
                "sid": "AllowCloudWatchActions"
              }
            ],
            "version": "2012-10-17"
          },
          "sensitive_attributes": []
        }
      ]
    },
    {
      "module": "module.policy_devops_role",
      "mode": "data",
      "type": "aws_iam_policy_document",
      "name": "role_policy_ecs_task_role",
      "provider": "provider[\"registry.terraform.io/hashicorp/aws\"]",
      "instances": [
        {
          "schema_version": 0,
          "attributes": {
            "id": "3542866187",
            "json": "{\n  \"Version\": \"2012-10-17\",\n  \"Statement\": [\n    {\n      \"Sid\": \"AllowS3Actions\",\n      \"Effect\": \"Allow\",\n      \"Action\": [\n        \"s3:ListBucket\",\n        \"s3:GetObject\"\n      ],\n      \"Resource\": \"*\"\n    },\n    {\n      \"Sid\": \"AllowIAMPassRole\",\n      \"Effect\": \"Allow\",\n      \"Action\": \"iam:PassRole\",\n      \"Resource\": \"*\"\n    },\n    {\n      \"Sid\": \"AllowDynamodbActions\",\n      \"Effect\": \"Allow\",\n      \"Action\": [\n        \"dynamodb:Scan\",\n        \"dynamodb:Query\",\n        \"dynamodb:List*\",\n        \"dynamodb:GetItem\",\n        \"dynamodb:Describe*\",\n        \"dynamodb:BatchGetItem\"\n      ],\n      \"Resource\": \"*\"\n    }\n  ]\n}",
            "override_policy_documents": null,
            "policy_id": null,
            "source_policy_documents": null,
            "statement": [
              {
                "actions": [
                  "s3:GetObject",
                  "s3:ListBucket"
                ],
                "condition": [],
                "effect": "Allow",
                "not_actions": [],
                "not_principals": [],
                "not_resources": [],
                "principals": [],
                "resources": [
                  "*"
                ],
                "sid": "AllowS3Actions"
              },
              {
                "actions": [
                  "iam:PassRole"
                ],
                "condition": [],
                "effect": "Allow",
                "not_actions": [],
                "not_principals": [],
                "not_resources": [],
                "principals": [],
                "resources": [
                  "*"
                ],
                "sid": "AllowIAMPassRole"
              },
              {
                "actions": [
                  "dynamodb:BatchGetItem",
                  "dynamodb:Describe*",
                  "dynamodb:GetItem",
                  "dynamodb:List*",
                  "dynamodb:Query",
                  "dynamodb:Scan"
                ],
                "condition": [],
                "effect": "Allow",
                "not_actions": [],
                "not_principals": [],
                "not_resources": [],
                "principals": [],
                "resources": [
                  "*"
                ],
                "sid": "AllowDynamodbActions"
              }
            ],
            "version": "2012-10-17"
          },
          "sensitive_attributes": []
        }
      ]
    },
    {
      "module": "module.policy_devops_role",
      "mode": "managed",
      "type": "aws_iam_policy",
      "name": "policy_for_role",
      "provider": "provider[\"registry.terraform.io/hashicorp/aws\"]",
      "instances": [
        {
          "index_key": 0,
          "schema_version": 0,
          "attributes": {
            "arn": "arn:aws:iam::459137896070:policy/Policy-devops-develop",
            "description": "IAM Policy for Role devops-develop",
            "id": "arn:aws:iam::459137896070:policy/Policy-devops-develop",
            "name": "Policy-devops-develop",
            "name_prefix": "",
            "path": "/",
            "policy": "{\"Statement\":[{\"Action\":[\"s3:PutObject\",\"s3:List*\",\"s3:GetObjectVersion\",\"s3:GetObject\",\"s3:GetBucketAcl\"],\"Effect\":\"Allow\",\"Resource\":\"*\",\"Sid\":\"AllowS3Actions\"},{\"Action\":[\"codebuild:StopBuild\",\"codebuild:StartBuildBatch\",\"codebuild:StartBuild\",\"codebuild:BatchGetBuilds\",\"codebuild:BatchGetBuildBatches\"],\"Effect\":\"Allow\",\"Resource\":\"arn:aws:codebuild:us-east-1:459137896070:project/codebuild-develop-client\",\"Sid\":\"AllowCodebuildActions\"},{\"Action\":\"codebuild:ListBuilds\",\"Effect\":\"Allow\",\"Resource\":\"*\",\"Sid\":\"AllowCodebuildList\"},{\"Action\":[\"codedeploy:RegisterApplicationRevision\",\"codedeploy:GetDeploymentGroup\",\"codedeploy:GetDeployment\",\"codedeploy:GetApplicationRevision\",\"codedeploy:GetApplication\",\"codedeploy:CreateDeployment\"],\"Effect\":\"Allow\",\"Resource\":[\"arn:aws:codedeploy:us-east-1:459137896070:deploymentgroup:Deploy-develop-client/deployment-group-Deploy-develop-client\",\"arn:aws:codedeploy:us-east-1:459137896070:application:Deploy-develop-client\"],\"Sid\":\"AllowCodeDeployActions\"},{\"Action\":[\"codedeploy:StopDeployment\",\"codedeploy:ListDeployments\",\"codedeploy:ListDeploymentGroups\",\"codedeploy:ListDeploymentConfigs\",\"codedeploy:ListApplications\",\"codedeploy:GetDeploymentTarget\",\"codedeploy:GetDeploymentConfig\",\"codedeploy:CreateDeploymentGroup\",\"codedeploy:CreateDeploymentConfig\"],\"Effect\":\"Allow\",\"Resource\":\"*\",\"Sid\":\"AllowCodeDeployConfigs\"},{\"Action\":[\"ecr:UploadLayerPart\",\"ecr:PutImage\",\"ecr:InitiateLayerUpload\",\"ecr:GetDownloadUrlForLayer\",\"ecr:CompleteLayerUpload\",\"ecr:BatchGetImage\",\"ecr:BatchCheckLayerAvailability\"],\"Effect\":\"Allow\",\"Resource\":\"arn:aws:ecr:us-east-1:459137896070:repository/repo-client\",\"Sid\":\"AllowECRActions\"},{\"Action\":\"ecr:GetAuthorizationToken\",\"Effect\":\"Allow\",\"Resource\":\"*\",\"Sid\":\"AllowECRAuthorization\"},{\"Action\":[\"ecs:UpdateTaskSet\",\"ecs:UpdateServicePrimaryTaskSet\",\"ecs:UpdateService\",\"ecs:UpdateCluster\",\"ecs:UpdateCapacityProvider\",\"ecs:StopTask\",\"ecs:StartTask\",\"ecs:RunTask\",\"ecs:RegisterTaskDefinition\",\"ecs:PutClusterCapacityProviders\",\"ecs:ListTasks\",\"ecs:ListServices\",\"ecs:DescribeTasks\",\"ecs:DescribeTaskSets\",\"ecs:DescribeTaskDefinition\",\"ecs:DescribeServices\",\"ecs:DeregisterContainerInstance\",\"ecs:DeleteTaskSet\",\"ecs:CreateTaskSet\"],\"Effect\":\"Allow\",\"Resource\":\"*\",\"Sid\":\"AllowCECSServiceActions\"},{\"Action\":\"iam:PassRole\",\"Effect\":\"Allow\",\"Resource\":\"*\",\"Sid\":\"AllowIAMPassRole\"},{\"Action\":[\"logs:PutLogEvents\",\"logs:CreateLogStream\",\"logs:CreateLogGroup\"],\"Effect\":\"Allow\",\"Resource\":\"*\",\"Sid\":\"AllowCloudWatchActions\"}],\"Version\":\"2012-10-17\"}",
            "policy_id": "ANPAWVZWAJ2DHIBPA7LIZ",
            "tags": {},
            "tags_all": {}
          },
          "sensitive_attributes": [],
          "private": "bnVsbA==",
          "dependencies": [
            "data.aws_caller_identity.id_current_account",
            "module.alb_client.aws_alb.alb",
            "module.alb_client.aws_alb_listener.http_listener",
            "module.alb_client.aws_alb_listener.https_listener",
            "module.alb_client.aws_alb_target_group.target_group",
            "module.codebuild_client.aws_codebuild_project.aws_codebuild",
            "module.codedeploy_client.aws_codedeploy_app.main",
            "module.codedeploy_client.aws_codedeploy_deployment_group.main",
            "module.codedeploy_role.aws_iam_role.codedeploy_role",
            "module.devops_role.aws_iam_role.devops_role",
            "module.devops_role.aws_iam_role.ecs_task_excecution_role",
            "module.ecr_client.aws_ecr_repository.ecr_repository",
            "module.ecs_cluster.aws_ecs_cluster.ecs_cluster",
            "module.ecs_role.aws_iam_role.devops_role",
            "module.ecs_role.aws_iam_role.ecs_task_excecution_role",
            "module.ecs_role.aws_iam_role.ecs_task_role",
            "module.ecs_service_client.aws_ecs_service.ecs_service",
            "module.ecs_taks_definition_client.aws_ecs_task_definition.ecs_task_definition",
            "module.networking.aws_subnet.private_subnets_client",
            "module.networking.aws_subnet.public_subnets",
            "module.networking.aws_vpc.aws_vpc",
            "module.networking.data.aws_availability_zones.az_availables",
            "module.policy_devops_role.data.aws_iam_policy_document.role_policy_devops_role",
            "module.security_group_alb_client.aws_security_group.sg",
            "module.security_group_ecs_task_client.aws_security_group.sg",
            "module.sns.aws_sns_topic.sns_notifications",
            "module.target_group_client_blue.aws_alb_target_group.target_group",
            "module.target_group_client_green.aws_alb_target_group.target_group"
          ],
          "create_before_destroy": true
        }
      ]
    },
    {
      "module": "module.policy_devops_role",
      "mode": "managed",
      "type": "aws_iam_role_policy_attachment",
      "name": "attachment2",
      "provider": "provider[\"registry.terraform.io/hashicorp/aws\"]",
      "instances": [
        {
          "index_key": 0,
          "schema_version": 0,
          "attributes": {
            "id": "DevOps-Role-20230906234527202200000006",
            "policy_arn": "arn:aws:iam::459137896070:policy/Policy-devops-develop",
            "role": "DevOps-Role"
          },
          "sensitive_attributes": [],
          "private": "bnVsbA==",
          "dependencies": [
            "data.aws_caller_identity.id_current_account",
            "module.alb_client.aws_alb.alb",
            "module.alb_client.aws_alb_listener.http_listener",
            "module.alb_client.aws_alb_listener.https_listener",
            "module.alb_client.aws_alb_target_group.target_group",
            "module.codebuild_client.aws_codebuild_project.aws_codebuild",
            "module.codedeploy_client.aws_codedeploy_app.main",
            "module.codedeploy_client.aws_codedeploy_deployment_group.main",
            "module.codedeploy_role.aws_iam_role.codedeploy_role",
            "module.devops_role.aws_iam_role.devops_role",
            "module.devops_role.aws_iam_role.ecs_task_excecution_role",
            "module.ecr_client.aws_ecr_repository.ecr_repository",
            "module.ecs_cluster.aws_ecs_cluster.ecs_cluster",
            "module.ecs_role.aws_iam_role.devops_role",
            "module.ecs_role.aws_iam_role.ecs_task_excecution_role",
            "module.ecs_role.aws_iam_role.ecs_task_role",
            "module.ecs_service_client.aws_ecs_service.ecs_service",
            "module.ecs_taks_definition_client.aws_ecs_task_definition.ecs_task_definition",
            "module.networking.aws_subnet.private_subnets_client",
            "module.networking.aws_subnet.public_subnets",
            "module.networking.aws_vpc.aws_vpc",
            "module.networking.data.aws_availability_zones.az_availables",
            "module.policy_devops_role.aws_iam_policy.policy_for_role",
            "module.policy_devops_role.data.aws_iam_policy_document.role_policy_devops_role",
            "module.security_group_alb_client.aws_security_group.sg",
            "module.security_group_ecs_task_client.aws_security_group.sg",
            "module.sns.aws_sns_topic.sns_notifications",
            "module.target_group_client_blue.aws_alb_target_group.target_group",
            "module.target_group_client_green.aws_alb_target_group.target_group"
          ],
          "create_before_destroy": true
        }
      ]
    },
    {
      "module": "module.s3_codepipeline",
      "mode": "managed",
      "type": "aws_s3_bucket",
      "name": "s3_bucket",
      "provider": "provider[\"registry.terraform.io/hashicorp/aws\"]",
      "instances": [
        {
          "schema_version": 0,
          "attributes": {
            "acceleration_status": "",
            "acl": "private",
            "arn": "arn:aws:s3:::codepipeline-us-east-1-f287",
            "bucket": "codepipeline-us-east-1-f287",
            "bucket_domain_name": "codepipeline-us-east-1-f287.s3.amazonaws.com",
            "bucket_prefix": "",
            "bucket_regional_domain_name": "codepipeline-us-east-1-f287.s3.us-east-1.amazonaws.com",
            "cors_rule": [],
            "force_destroy": true,
            "grant": [
              {
                "id": "289fff04c5478495dbcbed3feab5a505eacaa29f227b5576fc97e266adce6747",
                "permissions": [
                  "FULL_CONTROL"
                ],
                "type": "CanonicalUser",
                "uri": ""
              }
            ],
            "hosted_zone_id": "Z3AQBSTGFYJSTF",
            "id": "codepipeline-us-east-1-f287",
            "lifecycle_rule": [],
            "logging": [],
            "object_lock_configuration": [],
            "object_lock_enabled": false,
            "policy": "",
            "region": "us-east-1",
            "replication_configuration": [],
            "request_payer": "BucketOwner",
            "server_side_encryption_configuration": [
              {
                "rule": [
                  {
                    "apply_server_side_encryption_by_default": [
                      {
                        "kms_master_key_id": "",
                        "sse_algorithm": "AES256"
                      }
                    ],
                    "bucket_key_enabled": false
                  }
                ]
              }
            ],
            "tags": {
              "Name": "codepipeline-us-east-1-f287"
            },
            "tags_all": {
              "Name": "codepipeline-us-east-1-f287"
            },
            "timeouts": null,
            "versioning": [
              {
                "enabled": false,
                "mfa_delete": false
              }
            ],
            "website": [],
            "website_domain": null,
            "website_endpoint": null
          },
          "sensitive_attributes": [],
          "private": "eyJlMmJmYjczMC1lY2FhLTExZTYtOGY4OC0zNDM2M2JjN2M0YzAiOnsiY3JlYXRlIjoxMjAwMDAwMDAwMDAwLCJkZWxldGUiOjM2MDAwMDAwMDAwMDAsInJlYWQiOjEyMDAwMDAwMDAwMDAsInVwZGF0ZSI6MTIwMDAwMDAwMDAwMH19",
          "dependencies": [
            "random_id.RANDOM_ID"
          ]
        }
      ]
    },
    {
      "module": "module.security_group_alb_client",
      "mode": "managed",
      "type": "aws_security_group",
      "name": "sg",
      "provider": "provider[\"registry.terraform.io/hashicorp/aws\"]",
      "instances": [
        {
          "schema_version": 1,
          "attributes": {
            "arn": "arn:aws:ec2:us-east-1:459137896070:security-group/sg-06aff4a548b8a3638",
            "description": "Controls access to the client ALB",
            "egress": [
              {
                "cidr_blocks": [
                  "0.0.0.0/0"
                ],
                "description": "",
                "from_port": 0,
                "ipv6_cidr_blocks": [],
                "prefix_list_ids": [],
                "protocol": "-1",
                "security_groups": [],
                "self": false,
                "to_port": 0
              }
            ],
            "id": "sg-06aff4a548b8a3638",
            "ingress": [
              {
                "cidr_blocks": [
                  "0.0.0.0/0"
                ],
                "description": "",
                "from_port": 80,
                "ipv6_cidr_blocks": [],
                "prefix_list_ids": [],
                "protocol": "tcp",
                "security_groups": [],
                "self": false,
                "to_port": 80
              }
            ],
            "name": "alb-develop-client",
            "name_prefix": "",
            "owner_id": "459137896070",
            "revoke_rules_on_delete": false,
            "tags": {
              "Name": "alb-develop-client"
            },
            "tags_all": {
              "Name": "alb-develop-client"
            },
            "timeouts": null,
            "vpc_id": "vpc-0b8f8273bf4a4b0a8"
          },
          "sensitive_attributes": [],
          "private": "eyJlMmJmYjczMC1lY2FhLTExZTYtOGY4OC0zNDM2M2JjN2M0YzAiOnsiY3JlYXRlIjo2MDAwMDAwMDAwMDAsImRlbGV0ZSI6OTAwMDAwMDAwMDAwfSwic2NoZW1hX3ZlcnNpb24iOiIxIn0=",
          "dependencies": [
            "module.networking.aws_vpc.aws_vpc"
          ],
          "create_before_destroy": true
        }
      ]
    },
    {
      "module": "module.security_group_ecs_task_client",
      "mode": "managed",
      "type": "aws_security_group",
      "name": "sg",
      "provider": "provider[\"registry.terraform.io/hashicorp/aws\"]",
      "instances": [
        {
          "schema_version": 1,
          "attributes": {
            "arn": "arn:aws:ec2:us-east-1:459137896070:security-group/sg-0c9ba369c7f0b09d6",
            "description": "Controls access to the client ECS task",
            "egress": [
              {
                "cidr_blocks": [
                  "0.0.0.0/0"
                ],
                "description": "",
                "from_port": 0,
                "ipv6_cidr_blocks": [],
                "prefix_list_ids": [],
                "protocol": "-1",
                "security_groups": [],
                "self": false,
                "to_port": 0
              }
            ],
            "id": "sg-0c9ba369c7f0b09d6",
            "ingress": [
              {
                "cidr_blocks": [],
                "description": "",
                "from_port": 80,
                "ipv6_cidr_blocks": [],
                "prefix_list_ids": [],
                "protocol": "tcp",
                "security_groups": [
                  "sg-06aff4a548b8a3638"
                ],
                "self": false,
                "to_port": 80
              }
            ],
            "name": "ecs-task-develop-client",
            "name_prefix": "",
            "owner_id": "459137896070",
            "revoke_rules_on_delete": false,
            "tags": {
              "Name": "ecs-task-develop-client"
            },
            "tags_all": {
              "Name": "ecs-task-develop-client"
            },
            "timeouts": null,
            "vpc_id": "vpc-0b8f8273bf4a4b0a8"
          },
          "sensitive_attributes": [],
          "private": "eyJlMmJmYjczMC1lY2FhLTExZTYtOGY4OC0zNDM2M2JjN2M0YzAiOnsiY3JlYXRlIjo2MDAwMDAwMDAwMDAsImRlbGV0ZSI6OTAwMDAwMDAwMDAwfSwic2NoZW1hX3ZlcnNpb24iOiIxIn0=",
          "dependencies": [
            "module.networking.aws_vpc.aws_vpc",
            "module.security_group_alb_client.aws_security_group.sg"
          ],
          "create_before_destroy": true
        }
      ]
    },
    {
      "module": "module.sns",
      "mode": "managed",
      "type": "aws_sns_topic",
      "name": "sns_notifications",
      "provider": "provider[\"registry.terraform.io/hashicorp/aws\"]",
      "instances": [
        {
          "schema_version": 0,
          "attributes": {
            "application_failure_feedback_role_arn": "",
            "application_success_feedback_role_arn": "",
            "application_success_feedback_sample_rate": 0,
            "arn": "arn:aws:sns:us-east-1:459137896070:sns-develop",
            "content_based_deduplication": false,
            "delivery_policy": "",
            "display_name": "",
            "fifo_topic": false,
            "firehose_failure_feedback_role_arn": "",
            "firehose_success_feedback_role_arn": "",
            "firehose_success_feedback_sample_rate": 0,
            "http_failure_feedback_role_arn": "",
            "http_success_feedback_role_arn": "",
            "http_success_feedback_sample_rate": 0,
            "id": "arn:aws:sns:us-east-1:459137896070:sns-develop",
            "kms_master_key_id": "",
            "lambda_failure_feedback_role_arn": "",
            "lambda_success_feedback_role_arn": "",
            "lambda_success_feedback_sample_rate": 0,
            "name": "sns-develop",
            "name_prefix": "",
            "owner": "459137896070",
            "policy": "{\"Id\":\"__default_policy_ID\",\"Statement\":[{\"Action\":[\"SNS:GetTopicAttributes\",\"SNS:SetTopicAttributes\",\"SNS:AddPermission\",\"SNS:RemovePermission\",\"SNS:DeleteTopic\",\"SNS:Subscribe\",\"SNS:ListSubscriptionsByTopic\",\"SNS:Publish\"],\"Condition\":{\"StringEquals\":{\"AWS:SourceOwner\":\"459137896070\"}},\"Effect\":\"Allow\",\"Principal\":{\"AWS\":\"*\"},\"Resource\":\"arn:aws:sns:us-east-1:459137896070:sns-develop\",\"Sid\":\"__default_statement_ID\"}],\"Version\":\"2008-10-17\"}",
            "signature_version": 0,
            "sqs_failure_feedback_role_arn": "",
            "sqs_success_feedback_role_arn": "",
            "sqs_success_feedback_sample_rate": 0,
            "tags": {},
            "tags_all": {},
            "tracing_config": ""
          },
          "sensitive_attributes": [],
          "private": "bnVsbA==",
          "create_before_destroy": true
        }
      ]
    },
    {
      "module": "module.target_group_client_blue",
      "mode": "managed",
      "type": "aws_alb_target_group",
      "name": "target_group",
      "provider": "provider[\"registry.terraform.io/hashicorp/aws\"]",
      "instances": [
        {
          "index_key": 0,
          "schema_version": 0,
          "attributes": {
            "arn": "arn:aws:elasticloadbalancing:us-east-1:459137896070:targetgroup/tg-develop-c-b/2c3ab4f4769647ee",
            "arn_suffix": "targetgroup/tg-develop-c-b/2c3ab4f4769647ee",
            "connection_termination": false,
            "deregistration_delay": "5",
            "health_check": [
              {
                "enabled": true,
                "healthy_threshold": 2,
                "interval": 15,
                "matcher": "200",
                "path": "/",
                "port": "80",
                "protocol": "HTTP",
                "timeout": 10,
                "unhealthy_threshold": 3
              }
            ],
            "id": "arn:aws:elasticloadbalancing:us-east-1:459137896070:targetgroup/tg-develop-c-b/2c3ab4f4769647ee",
            "ip_address_type": "ipv4",
            "lambda_multi_value_headers_enabled": false,
            "load_balancing_algorithm_type": "round_robin",
            "load_balancing_cross_zone_enabled": "use_load_balancer_configuration",
            "name": "tg-develop-c-b",
            "name_prefix": null,
            "port": 80,
            "preserve_client_ip": null,
            "protocol": "HTTP",
            "protocol_version": "HTTP1",
            "proxy_protocol_v2": false,
            "slow_start": 0,
            "stickiness": [
              {
                "cookie_duration": 86400,
                "cookie_name": "",
                "enabled": false,
                "type": "lb_cookie"
              }
            ],
            "tags": {},
            "tags_all": {},
            "target_failover": [
              {
                "on_deregistration": null,
                "on_unhealthy": null
              }
            ],
            "target_type": "ip",
            "vpc_id": "vpc-0b8f8273bf4a4b0a8"
          },
          "sensitive_attributes": [],
          "private": "bnVsbA==",
          "dependencies": [
            "module.networking.aws_vpc.aws_vpc"
          ],
          "create_before_destroy": true
        }
      ]
    },
    {
      "module": "module.target_group_client_green",
      "mode": "managed",
      "type": "aws_alb_target_group",
      "name": "target_group",
      "provider": "provider[\"registry.terraform.io/hashicorp/aws\"]",
      "instances": [
        {
          "index_key": 0,
          "schema_version": 0,
          "attributes": {
            "arn": "arn:aws:elasticloadbalancing:us-east-1:459137896070:targetgroup/tg-develop-c-g/2b652b5324526b3e",
            "arn_suffix": "targetgroup/tg-develop-c-g/2b652b5324526b3e",
            "connection_termination": false,
            "deregistration_delay": "5",
            "health_check": [
              {
                "enabled": true,
                "healthy_threshold": 2,
                "interval": 15,
                "matcher": "200",
                "path": "/",
                "port": "80",
                "protocol": "HTTP",
                "timeout": 10,
                "unhealthy_threshold": 3
              }
            ],
            "id": "arn:aws:elasticloadbalancing:us-east-1:459137896070:targetgroup/tg-develop-c-g/2b652b5324526b3e",
            "ip_address_type": "ipv4",
            "lambda_multi_value_headers_enabled": false,
            "load_balancing_algorithm_type": "round_robin",
            "load_balancing_cross_zone_enabled": "use_load_balancer_configuration",
            "name": "tg-develop-c-g",
            "name_prefix": null,
            "port": 80,
            "preserve_client_ip": null,
            "protocol": "HTTP",
            "protocol_version": "HTTP1",
            "proxy_protocol_v2": false,
            "slow_start": 0,
            "stickiness": [
              {
                "cookie_duration": 86400,
                "cookie_name": "",
                "enabled": false,
                "type": "lb_cookie"
              }
            ],
            "tags": {},
            "tags_all": {},
            "target_failover": [
              {
                "on_deregistration": null,
                "on_unhealthy": null
              }
            ],
            "target_type": "ip",
            "vpc_id": "vpc-0b8f8273bf4a4b0a8"
          },
          "sensitive_attributes": [],
          "private": "bnVsbA==",
          "dependencies": [
            "module.networking.aws_vpc.aws_vpc"
          ],
          "create_before_destroy": true
        }
      ]
    }
  ],
  "check_results": null
}
